// !$*UTF8*$!
{
	archiveVersion = 1;
	classes = {
	};
	objectVersion = 46;
	objects = {

/* Begin PBXBuildFile section */
		3A127DDE175F0F0600C7CA96 /* productController.m in Sources */ = {isa = PBXBuildFile; fileRef = 3A127DDD175F0F0600C7CA96 /* productController.m */; };
		3A127DF4175F5B9600C7CA96 /* LICENSE in Resources */ = {isa = PBXBuildFile; fileRef = 3A127DE1175F5B9500C7CA96 /* LICENSE */; };
		3A127DF5175F5B9600C7CA96 /* SDImageCache.m in Sources */ = {isa = PBXBuildFile; fileRef = 3A127DE3175F5B9500C7CA96 /* SDImageCache.m */; };
		3A127DF6175F5B9600C7CA96 /* SDWebImageDecoder.m in Sources */ = {isa = PBXBuildFile; fileRef = 3A127DE7175F5B9600C7CA96 /* SDWebImageDecoder.m */; };
		3A127DF7175F5B9600C7CA96 /* SDWebImageDownloader.m in Sources */ = {isa = PBXBuildFile; fileRef = 3A127DE9175F5B9600C7CA96 /* SDWebImageDownloader.m */; };
		3A127DF8175F5B9600C7CA96 /* SDWebImageManager.m in Sources */ = {isa = PBXBuildFile; fileRef = 3A127DEC175F5B9600C7CA96 /* SDWebImageManager.m */; };
		3A127DF9175F5B9600C7CA96 /* SDWebImagePrefetcher.m in Sources */ = {isa = PBXBuildFile; fileRef = 3A127DEF175F5B9600C7CA96 /* SDWebImagePrefetcher.m */; };
		3A127DFA175F5B9600C7CA96 /* UIButton+WebCache.m in Sources */ = {isa = PBXBuildFile; fileRef = 3A127DF1175F5B9600C7CA96 /* UIButton+WebCache.m */; };
		3A127DFB175F5B9600C7CA96 /* UIImageView+WebCache.m in Sources */ = {isa = PBXBuildFile; fileRef = 3A127DF3175F5B9600C7CA96 /* UIImageView+WebCache.m */; };
		3A127DFF175F5CF500C7CA96 /* ImageIO.framework in Frameworks */ = {isa = PBXBuildFile; fileRef = 3A127DFE175F5CF400C7CA96 /* ImageIO.framework */; };
		3A127E04175F69BE00C7CA96 /* icon-list.png in Resources */ = {isa = PBXBuildFile; fileRef = 3A127E00175F69BE00C7CA96 /* icon-list.png */; };
		3A127E05175F69BE00C7CA96 /* icon-list@2x.png in Resources */ = {isa = PBXBuildFile; fileRef = 3A127E01175F69BE00C7CA96 /* icon-list@2x.png */; };
		3A127E06175F69BE00C7CA96 /* icon-map.png in Resources */ = {isa = PBXBuildFile; fileRef = 3A127E02175F69BE00C7CA96 /* icon-map.png */; };
		3A127E07175F69BE00C7CA96 /* icon-map@2x.png in Resources */ = {isa = PBXBuildFile; fileRef = 3A127E03175F69BE00C7CA96 /* icon-map@2x.png */; };
		3A127E09175F7B0E00C7CA96 /* MapKit.framework in Frameworks */ = {isa = PBXBuildFile; fileRef = 3A127E08175F7B0D00C7CA96 /* MapKit.framework */; };
		3A92F4FC1765C162008F2753 /* ProductReportController.m in Sources */ = {isa = PBXBuildFile; fileRef = 3A92F4FB1765C162008F2753 /* ProductReportController.m */; };
		3A92F5011765CB39008F2753 /* SVProgressHUD.bundle in Resources */ = {isa = PBXBuildFile; fileRef = 3A92F4FE1765CB39008F2753 /* SVProgressHUD.bundle */; };
		3A92F5021765CB39008F2753 /* SVProgressHUD.m in Sources */ = {isa = PBXBuildFile; fileRef = 3A92F5001765CB39008F2753 /* SVProgressHUD.m */; settings = {COMPILER_FLAGS = "-fno-objc-arc"; }; };
		3A92F50517660710008F2753 /* refresh@2x.png in Resources */ = {isa = PBXBuildFile; fileRef = 3A92F50317660710008F2753 /* refresh@2x.png */; };
		3A92F50617660710008F2753 /* refresh.png in Resources */ = {isa = PBXBuildFile; fileRef = 3A92F50417660710008F2753 /* refresh.png */; };
		3A93A72D1766FF5D00ADCB49 /* BarChartView.m in Sources */ = {isa = PBXBuildFile; fileRef = 3A93A7111766FF5D00ADCB49 /* BarChartView.m */; settings = {COMPILER_FLAGS = "-fno-objc-arc"; }; };
		3A93A72E1766FF5D00ADCB49 /* BarLabel.m in Sources */ = {isa = PBXBuildFile; fileRef = 3A93A7131766FF5D00ADCB49 /* BarLabel.m */; };
		3A93A72F1766FF5D00ADCB49 /* BarView.m in Sources */ = {isa = PBXBuildFile; fileRef = 3A93A7151766FF5D00ADCB49 /* BarView.m */; settings = {COMPILER_FLAGS = "-fno-objc-arc"; }; };
		3A93A7301766FF5D00ADCB49 /* CMPopTipView.m in Sources */ = {isa = PBXBuildFile; fileRef = 3A93A7191766FF5D00ADCB49 /* CMPopTipView.m */; settings = {COMPILER_FLAGS = "-fno-objc-arc"; }; };
		3A93A7311766FF5D00ADCB49 /* UIColor+i7HexColor.m in Sources */ = {isa = PBXBuildFile; fileRef = 3A93A71C1766FF5D00ADCB49 /* UIColor+i7HexColor.m */; };
		3A93A7321766FF5D00ADCB49 /* UIViewSizeShortcuts.m in Sources */ = {isa = PBXBuildFile; fileRef = 3A93A71E1766FF5D00ADCB49 /* UIViewSizeShortcuts.m */; };
		3A93A7331766FF5D00ADCB49 /* XMLElement.m in Sources */ = {isa = PBXBuildFile; fileRef = 3A93A7211766FF5D00ADCB49 /* XMLElement.m */; settings = {COMPILER_FLAGS = "-fno-objc-arc"; }; };
		3A93A7341766FF5D00ADCB49 /* XMLParser.m in Sources */ = {isa = PBXBuildFile; fileRef = 3A93A7231766FF5D00ADCB49 /* XMLParser.m */; settings = {COMPILER_FLAGS = "-fno-objc-arc"; }; };
		3A93A7351766FF5D00ADCB49 /* XMLParserDelegate.m in Sources */ = {isa = PBXBuildFile; fileRef = 3A93A7251766FF5D00ADCB49 /* XMLParserDelegate.m */; settings = {COMPILER_FLAGS = "-fno-objc-arc"; }; };
		3A93A7361766FF5D00ADCB49 /* PlotChartView.m in Sources */ = {isa = PBXBuildFile; fileRef = 3A93A7271766FF5D00ADCB49 /* PlotChartView.m */; settings = {COMPILER_FLAGS = "-fno-objc-arc"; }; };
		3A93A7371766FF5D00ADCB49 /* barChart.xml in Resources */ = {isa = PBXBuildFile; fileRef = 3A93A7291766FF5D00ADCB49 /* barChart.xml */; };
		3A93A7381766FF5D00ADCB49 /* GDataXMLNode.m in Sources */ = {isa = PBXBuildFile; fileRef = 3A93A72C1766FF5D00ADCB49 /* GDataXMLNode.m */; settings = {COMPILER_FLAGS = "-fno-objc-arc"; }; };
		3A93A73B1767017C00ADCB49 /* libxml2.2.dylib in Frameworks */ = {isa = PBXBuildFile; fileRef = 3A93A7391767017C00ADCB49 /* libxml2.2.dylib */; };
		3A93A73C1767017C00ADCB49 /* libxml2.dylib in Frameworks */ = {isa = PBXBuildFile; fileRef = 3A93A73A1767017C00ADCB49 /* libxml2.dylib */; };
		3A93A73E1767026E00ADCB49 /* CoreData.framework in Frameworks */ = {isa = PBXBuildFile; fileRef = 3A93A73D1767026E00ADCB49 /* CoreData.framework */; };
		3A93A74217671DDA00ADCB49 /* ChartData.m in Sources */ = {isa = PBXBuildFile; fileRef = 3A93A74117671DDA00ADCB49 /* ChartData.m */; };
		3A94805D1760F0430068A201 /* doctorViewController_iPhone.m in Sources */ = {isa = PBXBuildFile; fileRef = 3A94805B1760F0430068A201 /* doctorViewController_iPhone.m */; };
		3A94805E1760F0430068A201 /* doctorViewController_iPhone.xib in Resources */ = {isa = PBXBuildFile; fileRef = 3A94805C1760F0430068A201 /* doctorViewController_iPhone.xib */; };
		3A95BE8D176F2BA500C72D36 /* AdvanceReportViewController_iPhone.m in Sources */ = {isa = PBXBuildFile; fileRef = 3A95BE8B176F2BA500C72D36 /* AdvanceReportViewController_iPhone.m */; };
		3A95BE8E176F2BA500C72D36 /* AdvanceReportViewController_iPhone.xib in Resources */ = {isa = PBXBuildFile; fileRef = 3A95BE8C176F2BA500C72D36 /* AdvanceReportViewController_iPhone.xib */; };
		3A95BE93176F2BBB00C72D36 /* AdvanceReportViewController_iPad.xib in Resources */ = {isa = PBXBuildFile; fileRef = 3A95BE91176F2BBB00C72D36 /* AdvanceReportViewController_iPad.xib */; };
		3A95BE96176F37E200C72D36 /* icon-stats.png in Resources */ = {isa = PBXBuildFile; fileRef = 3A95BE94176F37E200C72D36 /* icon-stats.png */; };
		3A95BE97176F37E200C72D36 /* icon-stats@2x.png in Resources */ = {isa = PBXBuildFile; fileRef = 3A95BE95176F37E200C72D36 /* icon-stats@2x.png */; };
		3A96B44D17605E07000970EC /* ProductReportViewController_iPhone.m in Sources */ = {isa = PBXBuildFile; fileRef = 3A96B44B17605E07000970EC /* ProductReportViewController_iPhone.m */; };
		3A96B44E17605E07000970EC /* ProductReportViewController_iPhone.xib in Resources */ = {isa = PBXBuildFile; fileRef = 3A96B44C17605E07000970EC /* ProductReportViewController_iPhone.xib */; };
		3A96B45217605E17000970EC /* ProductReportViewController_iPad.m in Sources */ = {isa = PBXBuildFile; fileRef = 3A96B45017605E17000970EC /* ProductReportViewController_iPad.m */; };
		3A96B45317605E17000970EC /* ProductReportViewController_iPad.xib in Resources */ = {isa = PBXBuildFile; fileRef = 3A96B45117605E17000970EC /* ProductReportViewController_iPad.xib */; };
		3A96B4581760638D000970EC /* ZoomedMapView.m in Sources */ = {isa = PBXBuildFile; fileRef = 3A96B4571760638D000970EC /* ZoomedMapView.m */; };
		3A96B45C176068FE000970EC /* CustomAnnotation.m in Sources */ = {isa = PBXBuildFile; fileRef = 3A96B45B176068FE000970EC /* CustomAnnotation.m */; };
		3A96B45F1760692A000970EC /* brickController.m in Sources */ = {isa = PBXBuildFile; fileRef = 3A96B45E1760692A000970EC /* brickController.m */; };
		3A96B46217607396000970EC /* distributor.png in Resources */ = {isa = PBXBuildFile; fileRef = 3A96B46017607396000970EC /* distributor.png */; };
		3A96B46317607396000970EC /* distributor@2x.png in Resources */ = {isa = PBXBuildFile; fileRef = 3A96B46117607396000970EC /* distributor@2x.png */; };
		3A96B466176074F6000970EC /* pin_annotation.png in Resources */ = {isa = PBXBuildFile; fileRef = 3A96B464176074F6000970EC /* pin_annotation.png */; };
		3A96B467176074F6000970EC /* pin_annotation@2x.png in Resources */ = {isa = PBXBuildFile; fileRef = 3A96B465176074F6000970EC /* pin_annotation@2x.png */; };
		3A96B4731760AC77000970EC /* AbstractActionSheetPicker.m in Sources */ = {isa = PBXBuildFile; fileRef = 3A96B46A1760AC77000970EC /* AbstractActionSheetPicker.m */; settings = {COMPILER_FLAGS = "-fno-objc-arc"; }; };
		3A96B4741760AC77000970EC /* ActionSheetDatePicker.m in Sources */ = {isa = PBXBuildFile; fileRef = 3A96B46C1760AC77000970EC /* ActionSheetDatePicker.m */; settings = {COMPILER_FLAGS = "-fno-objc-arc"; }; };
		3A96B4751760AC77000970EC /* ActionSheetDistancePicker.m in Sources */ = {isa = PBXBuildFile; fileRef = 3A96B46E1760AC77000970EC /* ActionSheetDistancePicker.m */; settings = {COMPILER_FLAGS = "-fno-objc-arc"; }; };
		3A96B4761760AC77000970EC /* ActionSheetStringPicker.m in Sources */ = {isa = PBXBuildFile; fileRef = 3A96B4701760AC77000970EC /* ActionSheetStringPicker.m */; settings = {COMPILER_FLAGS = "-fno-objc-arc"; }; };
		3A96B4771760AC77000970EC /* DistancePickerView.m in Sources */ = {isa = PBXBuildFile; fileRef = 3A96B4721760AC77000970EC /* DistancePickerView.m */; settings = {COMPILER_FLAGS = "-fno-objc-arc"; }; };
		3A9900031762056000DBC696 /* brickProductController.m in Sources */ = {isa = PBXBuildFile; fileRef = 3A9900021762056000DBC696 /* brickProductController.m */; };
		3A9900051762208500DBC696 /* background_gradient.png in Resources */ = {isa = PBXBuildFile; fileRef = 3A9900041762208500DBC696 /* background_gradient.png */; };
		3A99000817623C0500DBC696 /* DoctorController.m in Sources */ = {isa = PBXBuildFile; fileRef = 3A99000717623C0500DBC696 /* DoctorController.m */; };
		3A99D40117704D7300C4DABE /* logout.png in Resources */ = {isa = PBXBuildFile; fileRef = 3A99D3FF17704D7300C4DABE /* logout.png */; };
		3A99D40217704D7300C4DABE /* logout@2x.png in Resources */ = {isa = PBXBuildFile; fileRef = 3A99D40017704D7300C4DABE /* logout@2x.png */; };
		3A9E8B031769EBC10028D433 /* titlebar-add-btn.png in Resources */ = {isa = PBXBuildFile; fileRef = 3A9E8B011769EBC10028D433 /* titlebar-add-btn.png */; };
		3A9E8B041769EBC10028D433 /* titlebar-add-btn@2x.png in Resources */ = {isa = PBXBuildFile; fileRef = 3A9E8B021769EBC10028D433 /* titlebar-add-btn@2x.png */; };
		3A9E8B071769F9A50028D433 /* titlebar-back-btn.png in Resources */ = {isa = PBXBuildFile; fileRef = 3A9E8B051769F9A50028D433 /* titlebar-back-btn.png */; };
		3A9E8B081769F9A50028D433 /* titlebar-back-btn@2x.png in Resources */ = {isa = PBXBuildFile; fileRef = 3A9E8B061769F9A50028D433 /* titlebar-back-btn@2x.png */; };
		3A9ECA5B176870E700297583 /* icon-doctor.png in Resources */ = {isa = PBXBuildFile; fileRef = 3A9ECA59176870E700297583 /* icon-doctor.png */; };
		3A9ECA5C176870E700297583 /* icon-doctor@2x.png in Resources */ = {isa = PBXBuildFile; fileRef = 3A9ECA5A176870E700297583 /* icon-doctor@2x.png */; };
		3A9ECA5F176871D700297583 /* icon-report.png in Resources */ = {isa = PBXBuildFile; fileRef = 3A9ECA5D176871D700297583 /* icon-report.png */; };
		3A9ECA60176871D700297583 /* icon-report@2x.png in Resources */ = {isa = PBXBuildFile; fileRef = 3A9ECA5E176871D700297583 /* icon-report@2x.png */; };
		3A9ECA6417688C3900297583 /* Custombutton.m in Sources */ = {isa = PBXBuildFile; fileRef = 3A9ECA6317688C3900297583 /* Custombutton.m */; };
		3A9ECA68176892DF00297583 /* icon_contact.png in Resources */ = {isa = PBXBuildFile; fileRef = 3A9ECA65176892DE00297583 /* icon_contact.png */; };
		3A9ECA69176892DF00297583 /* icon_mail.png in Resources */ = {isa = PBXBuildFile; fileRef = 3A9ECA66176892DE00297583 /* icon_mail.png */; };
		3A9ECA6A176892DF00297583 /* icon_sms.png in Resources */ = {isa = PBXBuildFile; fileRef = 3A9ECA67176892DF00297583 /* icon_sms.png */; };
		3A9ECA6C1768946100297583 /* MessageUI.framework in Frameworks */ = {isa = PBXBuildFile; fileRef = 3A9ECA6B1768946100297583 /* MessageUI.framework */; };
		3A9ECA701768AE0600297583 /* doctorViewController_iPad.m in Sources */ = {isa = PBXBuildFile; fileRef = 3A9ECA6E1768AE0600297583 /* doctorViewController_iPad.m */; };
		3A9ECA711768AE0600297583 /* doctorViewController_iPad.xib in Resources */ = {isa = PBXBuildFile; fileRef = 3A9ECA6F1768AE0600297583 /* doctorViewController_iPad.xib */; };
		3A9ECA741768B11600297583 /* icon_back.png in Resources */ = {isa = PBXBuildFile; fileRef = 3A9ECA721768B11600297583 /* icon_back.png */; };
		3A9ECA751768B11600297583 /* icon_back@2x.png in Resources */ = {isa = PBXBuildFile; fileRef = 3A9ECA731768B11600297583 /* icon_back@2x.png */; };
		3AB43CA9175DCAE5007A79BC /* UIKit.framework in Frameworks */ = {isa = PBXBuildFile; fileRef = 3AB43CA8175DCAE5007A79BC /* UIKit.framework */; };
		3AB43CAB175DCAE5007A79BC /* Foundation.framework in Frameworks */ = {isa = PBXBuildFile; fileRef = 3AB43CAA175DCAE5007A79BC /* Foundation.framework */; };
		3AB43CAD175DCAE5007A79BC /* CoreGraphics.framework in Frameworks */ = {isa = PBXBuildFile; fileRef = 3AB43CAC175DCAE5007A79BC /* CoreGraphics.framework */; };
		3AB43CB3175DCAE5007A79BC /* InfoPlist.strings in Resources */ = {isa = PBXBuildFile; fileRef = 3AB43CB1175DCAE5007A79BC /* InfoPlist.strings */; };
		3AB43CB5175DCAE5007A79BC /* main.m in Sources */ = {isa = PBXBuildFile; fileRef = 3AB43CB4175DCAE5007A79BC /* main.m */; };
		3AB43CB9175DCAE5007A79BC /* AppDelegate.m in Sources */ = {isa = PBXBuildFile; fileRef = 3AB43CB8175DCAE5007A79BC /* AppDelegate.m */; };
		3AB43CBB175DCAE5007A79BC /* Default.png in Resources */ = {isa = PBXBuildFile; fileRef = 3AB43CBA175DCAE5007A79BC /* Default.png */; };
		3AB43CBD175DCAE5007A79BC /* Default@2x.png in Resources */ = {isa = PBXBuildFile; fileRef = 3AB43CBC175DCAE5007A79BC /* Default@2x.png */; };
		3AB43CBF175DCAE5007A79BC /* Default-568h@2x.png in Resources */ = {isa = PBXBuildFile; fileRef = 3AB43CBE175DCAE5007A79BC /* Default-568h@2x.png */; };
		3AB43D07175DCD6E007A79BC /* productViewController_iPhone.m in Sources */ = {isa = PBXBuildFile; fileRef = 3AB43D05175DCD6E007A79BC /* productViewController_iPhone.m */; };
		3AB43D08175DCD6E007A79BC /* productViewController_iPhone.xib in Resources */ = {isa = PBXBuildFile; fileRef = 3AB43D06175DCD6E007A79BC /* productViewController_iPhone.xib */; };
		3AB43D0D175DCDB2007A79BC /* productViewController_iPad.xib in Resources */ = {isa = PBXBuildFile; fileRef = 3AB43D0B175DCDB2007A79BC /* productViewController_iPad.xib */; };
		3AB43D14175DD6AA007A79BC /* loginViewController_iPhone.m in Sources */ = {isa = PBXBuildFile; fileRef = 3AB43D12175DD6AA007A79BC /* loginViewController_iPhone.m */; };
		3AB43D15175DD6AA007A79BC /* loginViewController_iPhone.xib in Resources */ = {isa = PBXBuildFile; fileRef = 3AB43D13175DD6AA007A79BC /* loginViewController_iPhone.xib */; };
		3AB43D19175DD6BD007A79BC /* loginViewController_iPad.m in Sources */ = {isa = PBXBuildFile; fileRef = 3AB43D17175DD6BD007A79BC /* loginViewController_iPad.m */; };
		3AB43D1A175DD6BD007A79BC /* loginViewController_iPad.xib in Resources */ = {isa = PBXBuildFile; fileRef = 3AB43D18175DD6BD007A79BC /* loginViewController_iPad.xib */; };
		3AB43D1D175DE417007A79BC /* loginController.m in Sources */ = {isa = PBXBuildFile; fileRef = 3AB43D1C175DE417007A79BC /* loginController.m */; };
		3AB43D3E175DE9C1007A79BC /* MobileCoreServices.framework in Frameworks */ = {isa = PBXBuildFile; fileRef = 3AB43D3D175DE9C0007A79BC /* MobileCoreServices.framework */; };
		3AB43D40175DE9E0007A79BC /* SystemConfiguration.framework in Frameworks */ = {isa = PBXBuildFile; fileRef = 3AB43D3F175DE9E0007A79BC /* SystemConfiguration.framework */; };
		3AB43D45175DED1A007A79BC /* Reachability.m in Sources */ = {isa = PBXBuildFile; fileRef = 3AB43D44175DED1A007A79BC /* Reachability.m */; settings = {COMPILER_FLAGS = "-fno-objc-arc"; }; };
		3AB43D5A175DED44007A79BC /* AFHTTPClient.m in Sources */ = {isa = PBXBuildFile; fileRef = 3AB43D48175DED43007A79BC /* AFHTTPClient.m */; };
		3AB43D5B175DED44007A79BC /* AFHTTPRequestOperation.m in Sources */ = {isa = PBXBuildFile; fileRef = 3AB43D4A175DED43007A79BC /* AFHTTPRequestOperation.m */; };
		3AB43D5C175DED44007A79BC /* AFImageRequestOperation.m in Sources */ = {isa = PBXBuildFile; fileRef = 3AB43D4C175DED44007A79BC /* AFImageRequestOperation.m */; };
		3AB43D5D175DED44007A79BC /* AFJSONRequestOperation.m in Sources */ = {isa = PBXBuildFile; fileRef = 3AB43D4E175DED44007A79BC /* AFJSONRequestOperation.m */; };
		3AB43D5E175DED44007A79BC /* AFNetworkActivityIndicatorManager.m in Sources */ = {isa = PBXBuildFile; fileRef = 3AB43D50175DED44007A79BC /* AFNetworkActivityIndicatorManager.m */; };
		3AB43D5F175DED44007A79BC /* AFPropertyListRequestOperation.m in Sources */ = {isa = PBXBuildFile; fileRef = 3AB43D53175DED44007A79BC /* AFPropertyListRequestOperation.m */; };
		3AB43D60175DED44007A79BC /* AFURLConnectionOperation.m in Sources */ = {isa = PBXBuildFile; fileRef = 3AB43D55175DED44007A79BC /* AFURLConnectionOperation.m */; };
		3AB43D61175DED44007A79BC /* AFXMLRequestOperation.m in Sources */ = {isa = PBXBuildFile; fileRef = 3AB43D57175DED44007A79BC /* AFXMLRequestOperation.m */; };
		3AB43D62175DED44007A79BC /* UIImageView+AFNetworking.m in Sources */ = {isa = PBXBuildFile; fileRef = 3AB43D59175DED44007A79BC /* UIImageView+AFNetworking.m */; };
		3AB43D6A175E0E2F007A79BC /* QuartzCore.framework in Frameworks */ = {isa = PBXBuildFile; fileRef = 3AB43D69175E0E2F007A79BC /* QuartzCore.framework */; };
		3AB43D6E175E18D3007A79BC /* KGModal.m in Sources */ = {isa = PBXBuildFile; fileRef = 3AB43D6D175E18D3007A79BC /* KGModal.m */; };
		3AB43D7D175E22E4007A79BC /* BlockActionSheet.m in Sources */ = {isa = PBXBuildFile; fileRef = 3AB43D75175E22E4007A79BC /* BlockActionSheet.m */; settings = {COMPILER_FLAGS = "-fno-objc-arc"; }; };
		3AB43D7E175E22E4007A79BC /* BlockAlertView.m in Sources */ = {isa = PBXBuildFile; fileRef = 3AB43D77175E22E4007A79BC /* BlockAlertView.m */; settings = {COMPILER_FLAGS = "-fno-objc-arc"; }; };
		3AB43D7F175E22E4007A79BC /* BlockBackground.m in Sources */ = {isa = PBXBuildFile; fileRef = 3AB43D79175E22E4007A79BC /* BlockBackground.m */; settings = {COMPILER_FLAGS = "-fno-objc-arc"; }; };
		3AB43D80175E22E4007A79BC /* BlockTextPromptAlertView.m in Sources */ = {isa = PBXBuildFile; fileRef = 3AB43D7B175E22E4007A79BC /* BlockTextPromptAlertView.m */; settings = {COMPILER_FLAGS = "-fno-objc-arc"; }; };
		3AB43D85175E2572007A79BC /* SIAlertView.bundle in Resources */ = {isa = PBXBuildFile; fileRef = 3AB43D82175E2572007A79BC /* SIAlertView.bundle */; };
		3AB43D86175E2572007A79BC /* SIAlertView.m in Sources */ = {isa = PBXBuildFile; fileRef = 3AB43D84175E2572007A79BC /* SIAlertView.m */; };
/* End PBXBuildFile section */

/* Begin PBXFileReference section */
		3A127DDC175F0F0600C7CA96 /* productController.h */ = {isa = PBXFileReference; fileEncoding = 4; lastKnownFileType = sourcecode.c.h; path = productController.h; sourceTree = "<group>"; };
		3A127DDD175F0F0600C7CA96 /* productController.m */ = {isa = PBXFileReference; fileEncoding = 4; lastKnownFileType = sourcecode.c.objc; path = productController.m; sourceTree = "<group>"; };
		3A127DE1175F5B9500C7CA96 /* LICENSE */ = {isa = PBXFileReference; fileEncoding = 4; lastKnownFileType = text; path = LICENSE; sourceTree = "<group>"; };
		3A127DE2175F5B9500C7CA96 /* SDImageCache.h */ = {isa = PBXFileReference; fileEncoding = 4; lastKnownFileType = sourcecode.c.h; path = SDImageCache.h; sourceTree = "<group>"; };
		3A127DE3175F5B9500C7CA96 /* SDImageCache.m */ = {isa = PBXFileReference; fileEncoding = 4; lastKnownFileType = sourcecode.c.objc; path = SDImageCache.m; sourceTree = "<group>"; };
		3A127DE4175F5B9600C7CA96 /* SDImageCacheDelegate.h */ = {isa = PBXFileReference; fileEncoding = 4; lastKnownFileType = sourcecode.c.h; path = SDImageCacheDelegate.h; sourceTree = "<group>"; };
		3A127DE5175F5B9600C7CA96 /* SDWebImageCompat.h */ = {isa = PBXFileReference; fileEncoding = 4; lastKnownFileType = sourcecode.c.h; path = SDWebImageCompat.h; sourceTree = "<group>"; };
		3A127DE6175F5B9600C7CA96 /* SDWebImageDecoder.h */ = {isa = PBXFileReference; fileEncoding = 4; lastKnownFileType = sourcecode.c.h; path = SDWebImageDecoder.h; sourceTree = "<group>"; };
		3A127DE7175F5B9600C7CA96 /* SDWebImageDecoder.m */ = {isa = PBXFileReference; fileEncoding = 4; lastKnownFileType = sourcecode.c.objc; path = SDWebImageDecoder.m; sourceTree = "<group>"; };
		3A127DE8175F5B9600C7CA96 /* SDWebImageDownloader.h */ = {isa = PBXFileReference; fileEncoding = 4; lastKnownFileType = sourcecode.c.h; path = SDWebImageDownloader.h; sourceTree = "<group>"; };
		3A127DE9175F5B9600C7CA96 /* SDWebImageDownloader.m */ = {isa = PBXFileReference; fileEncoding = 4; lastKnownFileType = sourcecode.c.objc; path = SDWebImageDownloader.m; sourceTree = "<group>"; };
		3A127DEA175F5B9600C7CA96 /* SDWebImageDownloaderDelegate.h */ = {isa = PBXFileReference; fileEncoding = 4; lastKnownFileType = sourcecode.c.h; path = SDWebImageDownloaderDelegate.h; sourceTree = "<group>"; };
		3A127DEB175F5B9600C7CA96 /* SDWebImageManager.h */ = {isa = PBXFileReference; fileEncoding = 4; lastKnownFileType = sourcecode.c.h; path = SDWebImageManager.h; sourceTree = "<group>"; };
		3A127DEC175F5B9600C7CA96 /* SDWebImageManager.m */ = {isa = PBXFileReference; fileEncoding = 4; lastKnownFileType = sourcecode.c.objc; path = SDWebImageManager.m; sourceTree = "<group>"; };
		3A127DED175F5B9600C7CA96 /* SDWebImageManagerDelegate.h */ = {isa = PBXFileReference; fileEncoding = 4; lastKnownFileType = sourcecode.c.h; path = SDWebImageManagerDelegate.h; sourceTree = "<group>"; };
		3A127DEE175F5B9600C7CA96 /* SDWebImagePrefetcher.h */ = {isa = PBXFileReference; fileEncoding = 4; lastKnownFileType = sourcecode.c.h; path = SDWebImagePrefetcher.h; sourceTree = "<group>"; };
		3A127DEF175F5B9600C7CA96 /* SDWebImagePrefetcher.m */ = {isa = PBXFileReference; fileEncoding = 4; lastKnownFileType = sourcecode.c.objc; path = SDWebImagePrefetcher.m; sourceTree = "<group>"; };
		3A127DF0175F5B9600C7CA96 /* UIButton+WebCache.h */ = {isa = PBXFileReference; fileEncoding = 4; lastKnownFileType = sourcecode.c.h; path = "UIButton+WebCache.h"; sourceTree = "<group>"; };
		3A127DF1175F5B9600C7CA96 /* UIButton+WebCache.m */ = {isa = PBXFileReference; fileEncoding = 4; lastKnownFileType = sourcecode.c.objc; path = "UIButton+WebCache.m"; sourceTree = "<group>"; };
		3A127DF2175F5B9600C7CA96 /* UIImageView+WebCache.h */ = {isa = PBXFileReference; fileEncoding = 4; lastKnownFileType = sourcecode.c.h; path = "UIImageView+WebCache.h"; sourceTree = "<group>"; };
		3A127DF3175F5B9600C7CA96 /* UIImageView+WebCache.m */ = {isa = PBXFileReference; fileEncoding = 4; lastKnownFileType = sourcecode.c.objc; path = "UIImageView+WebCache.m"; sourceTree = "<group>"; };
		3A127DFE175F5CF400C7CA96 /* ImageIO.framework */ = {isa = PBXFileReference; lastKnownFileType = wrapper.framework; name = ImageIO.framework; path = System/Library/Frameworks/ImageIO.framework; sourceTree = SDKROOT; };
		3A127E00175F69BE00C7CA96 /* icon-list.png */ = {isa = PBXFileReference; lastKnownFileType = image.png; path = "icon-list.png"; sourceTree = "<group>"; };
		3A127E01175F69BE00C7CA96 /* icon-list@2x.png */ = {isa = PBXFileReference; lastKnownFileType = image.png; path = "icon-list@2x.png"; sourceTree = "<group>"; };
		3A127E02175F69BE00C7CA96 /* icon-map.png */ = {isa = PBXFileReference; lastKnownFileType = image.png; path = "icon-map.png"; sourceTree = "<group>"; };
		3A127E03175F69BE00C7CA96 /* icon-map@2x.png */ = {isa = PBXFileReference; lastKnownFileType = image.png; path = "icon-map@2x.png"; sourceTree = "<group>"; };
		3A127E08175F7B0D00C7CA96 /* MapKit.framework */ = {isa = PBXFileReference; lastKnownFileType = wrapper.framework; name = MapKit.framework; path = System/Library/Frameworks/MapKit.framework; sourceTree = SDKROOT; };
		3A92F4FA1765C162008F2753 /* ProductReportController.h */ = {isa = PBXFileReference; fileEncoding = 4; lastKnownFileType = sourcecode.c.h; path = ProductReportController.h; sourceTree = "<group>"; };
		3A92F4FB1765C162008F2753 /* ProductReportController.m */ = {isa = PBXFileReference; fileEncoding = 4; lastKnownFileType = sourcecode.c.objc; path = ProductReportController.m; sourceTree = "<group>"; };
		3A92F4FE1765CB39008F2753 /* SVProgressHUD.bundle */ = {isa = PBXFileReference; lastKnownFileType = "wrapper.plug-in"; path = SVProgressHUD.bundle; sourceTree = "<group>"; };
		3A92F4FF1765CB39008F2753 /* SVProgressHUD.h */ = {isa = PBXFileReference; fileEncoding = 4; lastKnownFileType = sourcecode.c.h; path = SVProgressHUD.h; sourceTree = "<group>"; };
		3A92F5001765CB39008F2753 /* SVProgressHUD.m */ = {isa = PBXFileReference; fileEncoding = 4; lastKnownFileType = sourcecode.c.objc; path = SVProgressHUD.m; sourceTree = "<group>"; };
		3A92F50317660710008F2753 /* refresh@2x.png */ = {isa = PBXFileReference; lastKnownFileType = image.png; path = "refresh@2x.png"; sourceTree = "<group>"; };
		3A92F50417660710008F2753 /* refresh.png */ = {isa = PBXFileReference; lastKnownFileType = image.png; path = refresh.png; sourceTree = "<group>"; };
		3A93A7101766FF5D00ADCB49 /* BarChartView.h */ = {isa = PBXFileReference; fileEncoding = 4; lastKnownFileType = sourcecode.c.h; path = BarChartView.h; sourceTree = "<group>"; };
		3A93A7111766FF5D00ADCB49 /* BarChartView.m */ = {isa = PBXFileReference; fileEncoding = 4; lastKnownFileType = sourcecode.c.objc; path = BarChartView.m; sourceTree = "<group>"; };
		3A93A7121766FF5D00ADCB49 /* BarLabel.h */ = {isa = PBXFileReference; fileEncoding = 4; lastKnownFileType = sourcecode.c.h; path = BarLabel.h; sourceTree = "<group>"; };
		3A93A7131766FF5D00ADCB49 /* BarLabel.m */ = {isa = PBXFileReference; fileEncoding = 4; lastKnownFileType = sourcecode.c.objc; path = BarLabel.m; sourceTree = "<group>"; };
		3A93A7141766FF5D00ADCB49 /* BarView.h */ = {isa = PBXFileReference; fileEncoding = 4; lastKnownFileType = sourcecode.c.h; path = BarView.h; sourceTree = "<group>"; };
		3A93A7151766FF5D00ADCB49 /* BarView.m */ = {isa = PBXFileReference; fileEncoding = 4; lastKnownFileType = sourcecode.c.objc; path = BarView.m; sourceTree = "<group>"; };
		3A93A7181766FF5D00ADCB49 /* CMPopTipView.h */ = {isa = PBXFileReference; fileEncoding = 4; lastKnownFileType = sourcecode.c.h; path = CMPopTipView.h; sourceTree = "<group>"; };
		3A93A7191766FF5D00ADCB49 /* CMPopTipView.m */ = {isa = PBXFileReference; fileEncoding = 4; lastKnownFileType = sourcecode.c.objc; path = CMPopTipView.m; sourceTree = "<group>"; };
		3A93A71B1766FF5D00ADCB49 /* UIColor+i7HexColor.h */ = {isa = PBXFileReference; fileEncoding = 4; lastKnownFileType = sourcecode.c.h; path = "UIColor+i7HexColor.h"; sourceTree = "<group>"; };
		3A93A71C1766FF5D00ADCB49 /* UIColor+i7HexColor.m */ = {isa = PBXFileReference; fileEncoding = 4; lastKnownFileType = sourcecode.c.objc; path = "UIColor+i7HexColor.m"; sourceTree = "<group>"; };
		3A93A71D1766FF5D00ADCB49 /* UIViewSizeShortcuts.h */ = {isa = PBXFileReference; fileEncoding = 4; lastKnownFileType = sourcecode.c.h; path = UIViewSizeShortcuts.h; sourceTree = "<group>"; };
		3A93A71E1766FF5D00ADCB49 /* UIViewSizeShortcuts.m */ = {isa = PBXFileReference; fileEncoding = 4; lastKnownFileType = sourcecode.c.objc; path = UIViewSizeShortcuts.m; sourceTree = "<group>"; };
		3A93A7201766FF5D00ADCB49 /* XMLElement.h */ = {isa = PBXFileReference; fileEncoding = 4; lastKnownFileType = sourcecode.c.h; path = XMLElement.h; sourceTree = "<group>"; };
		3A93A7211766FF5D00ADCB49 /* XMLElement.m */ = {isa = PBXFileReference; fileEncoding = 4; lastKnownFileType = sourcecode.c.objc; path = XMLElement.m; sourceTree = "<group>"; };
		3A93A7221766FF5D00ADCB49 /* XMLParser.h */ = {isa = PBXFileReference; fileEncoding = 4; lastKnownFileType = sourcecode.c.h; path = XMLParser.h; sourceTree = "<group>"; };
		3A93A7231766FF5D00ADCB49 /* XMLParser.m */ = {isa = PBXFileReference; fileEncoding = 4; lastKnownFileType = sourcecode.c.objc; path = XMLParser.m; sourceTree = "<group>"; };
		3A93A7241766FF5D00ADCB49 /* XMLParserDelegate.h */ = {isa = PBXFileReference; fileEncoding = 4; lastKnownFileType = sourcecode.c.h; path = XMLParserDelegate.h; sourceTree = "<group>"; };
		3A93A7251766FF5D00ADCB49 /* XMLParserDelegate.m */ = {isa = PBXFileReference; fileEncoding = 4; lastKnownFileType = sourcecode.c.objc; path = XMLParserDelegate.m; sourceTree = "<group>"; };
		3A93A7261766FF5D00ADCB49 /* PlotChartView.h */ = {isa = PBXFileReference; fileEncoding = 4; lastKnownFileType = sourcecode.c.h; path = PlotChartView.h; sourceTree = "<group>"; };
		3A93A7271766FF5D00ADCB49 /* PlotChartView.m */ = {isa = PBXFileReference; fileEncoding = 4; lastKnownFileType = sourcecode.c.objc; path = PlotChartView.m; sourceTree = "<group>"; };
		3A93A7291766FF5D00ADCB49 /* barChart.xml */ = {isa = PBXFileReference; fileEncoding = 4; lastKnownFileType = text.xml; path = barChart.xml; sourceTree = "<group>"; };
		3A93A72B1766FF5D00ADCB49 /* GDataXMLNode.h */ = {isa = PBXFileReference; fileEncoding = 4; lastKnownFileType = sourcecode.c.h; path = GDataXMLNode.h; sourceTree = "<group>"; };
		3A93A72C1766FF5D00ADCB49 /* GDataXMLNode.m */ = {isa = PBXFileReference; fileEncoding = 4; lastKnownFileType = sourcecode.c.objc; path = GDataXMLNode.m; sourceTree = "<group>"; };
		3A93A7391767017C00ADCB49 /* libxml2.2.dylib */ = {isa = PBXFileReference; lastKnownFileType = "compiled.mach-o.dylib"; name = libxml2.2.dylib; path = usr/lib/libxml2.2.dylib; sourceTree = SDKROOT; };
		3A93A73A1767017C00ADCB49 /* libxml2.dylib */ = {isa = PBXFileReference; lastKnownFileType = "compiled.mach-o.dylib"; name = libxml2.dylib; path = usr/lib/libxml2.dylib; sourceTree = SDKROOT; };
		3A93A73D1767026E00ADCB49 /* CoreData.framework */ = {isa = PBXFileReference; lastKnownFileType = wrapper.framework; name = CoreData.framework; path = System/Library/Frameworks/CoreData.framework; sourceTree = SDKROOT; };
		3A93A74017671DDA00ADCB49 /* ChartData.h */ = {isa = PBXFileReference; fileEncoding = 4; lastKnownFileType = sourcecode.c.h; path = ChartData.h; sourceTree = "<group>"; };
		3A93A74117671DDA00ADCB49 /* ChartData.m */ = {isa = PBXFileReference; fileEncoding = 4; lastKnownFileType = sourcecode.c.objc; path = ChartData.m; sourceTree = "<group>"; };
		3A94805A1760F0430068A201 /* doctorViewController_iPhone.h */ = {isa = PBXFileReference; fileEncoding = 4; lastKnownFileType = sourcecode.c.h; path = doctorViewController_iPhone.h; sourceTree = "<group>"; };
		3A94805B1760F0430068A201 /* doctorViewController_iPhone.m */ = {isa = PBXFileReference; fileEncoding = 4; lastKnownFileType = sourcecode.c.objc; path = doctorViewController_iPhone.m; sourceTree = "<group>"; };
		3A94805C1760F0430068A201 /* doctorViewController_iPhone.xib */ = {isa = PBXFileReference; fileEncoding = 4; lastKnownFileType = file.xib; path = doctorViewController_iPhone.xib; sourceTree = "<group>"; };
		3A95BE8A176F2BA500C72D36 /* AdvanceReportViewController_iPhone.h */ = {isa = PBXFileReference; fileEncoding = 4; lastKnownFileType = sourcecode.c.h; name = AdvanceReportViewController_iPhone.h; path = salesmonitor/ProductReportAdvance/AdvanceReportViewController_iPhone.h; sourceTree = SOURCE_ROOT; };
		3A95BE8B176F2BA500C72D36 /* AdvanceReportViewController_iPhone.m */ = {isa = PBXFileReference; fileEncoding = 4; lastKnownFileType = sourcecode.c.objc; name = AdvanceReportViewController_iPhone.m; path = salesmonitor/ProductReportAdvance/AdvanceReportViewController_iPhone.m; sourceTree = SOURCE_ROOT; };
		3A95BE8C176F2BA500C72D36 /* AdvanceReportViewController_iPhone.xib */ = {isa = PBXFileReference; fileEncoding = 4; lastKnownFileType = file.xib; name = AdvanceReportViewController_iPhone.xib; path = salesmonitor/ProductReportAdvance/AdvanceReportViewController_iPhone.xib; sourceTree = SOURCE_ROOT; };
		3A95BE91176F2BBB00C72D36 /* AdvanceReportViewController_iPad.xib */ = {isa = PBXFileReference; fileEncoding = 4; lastKnownFileType = file.xib; name = AdvanceReportViewController_iPad.xib; path = salesmonitor/ProductReportAdvance/AdvanceReportViewController_iPad.xib; sourceTree = SOURCE_ROOT; };
		3A95BE94176F37E200C72D36 /* icon-stats.png */ = {isa = PBXFileReference; lastKnownFileType = image.png; path = "icon-stats.png"; sourceTree = "<group>"; };
		3A95BE95176F37E200C72D36 /* icon-stats@2x.png */ = {isa = PBXFileReference; lastKnownFileType = image.png; path = "icon-stats@2x.png"; sourceTree = "<group>"; };
		3A96B44A17605E07000970EC /* ProductReportViewController_iPhone.h */ = {isa = PBXFileReference; fileEncoding = 4; lastKnownFileType = sourcecode.c.h; name = ProductReportViewController_iPhone.h; path = salesmonitor/productReport/view/ProductReportViewController_iPhone.h; sourceTree = SOURCE_ROOT; };
		3A96B44B17605E07000970EC /* ProductReportViewController_iPhone.m */ = {isa = PBXFileReference; fileEncoding = 4; lastKnownFileType = sourcecode.c.objc; name = ProductReportViewController_iPhone.m; path = salesmonitor/productReport/view/ProductReportViewController_iPhone.m; sourceTree = SOURCE_ROOT; };
		3A96B44C17605E07000970EC /* ProductReportViewController_iPhone.xib */ = {isa = PBXFileReference; fileEncoding = 4; lastKnownFileType = file.xib; name = ProductReportViewController_iPhone.xib; path = salesmonitor/productReport/view/ProductReportViewController_iPhone.xib; sourceTree = SOURCE_ROOT; };
		3A96B44F17605E17000970EC /* ProductReportViewController_iPad.h */ = {isa = PBXFileReference; fileEncoding = 4; lastKnownFileType = sourcecode.c.h; name = ProductReportViewController_iPad.h; path = salesmonitor/productReport/view/ProductReportViewController_iPad.h; sourceTree = SOURCE_ROOT; };
		3A96B45017605E17000970EC /* ProductReportViewController_iPad.m */ = {isa = PBXFileReference; fileEncoding = 4; lastKnownFileType = sourcecode.c.objc; name = ProductReportViewController_iPad.m; path = salesmonitor/productReport/view/ProductReportViewController_iPad.m; sourceTree = SOURCE_ROOT; };
		3A96B45117605E17000970EC /* ProductReportViewController_iPad.xib */ = {isa = PBXFileReference; fileEncoding = 4; lastKnownFileType = file.xib; name = ProductReportViewController_iPad.xib; path = salesmonitor/productReport/view/ProductReportViewController_iPad.xib; sourceTree = SOURCE_ROOT; };
		3A96B4561760638D000970EC /* ZoomedMapView.h */ = {isa = PBXFileReference; fileEncoding = 4; lastKnownFileType = sourcecode.c.h; path = ZoomedMapView.h; sourceTree = "<group>"; };
		3A96B4571760638D000970EC /* ZoomedMapView.m */ = {isa = PBXFileReference; fileEncoding = 4; lastKnownFileType = sourcecode.c.objc; path = ZoomedMapView.m; sourceTree = "<group>"; };
		3A96B45A176068FE000970EC /* CustomAnnotation.h */ = {isa = PBXFileReference; fileEncoding = 4; lastKnownFileType = sourcecode.c.h; path = CustomAnnotation.h; sourceTree = "<group>"; };
		3A96B45B176068FE000970EC /* CustomAnnotation.m */ = {isa = PBXFileReference; fileEncoding = 4; lastKnownFileType = sourcecode.c.objc; path = CustomAnnotation.m; sourceTree = "<group>"; };
		3A96B45D1760692A000970EC /* brickController.h */ = {isa = PBXFileReference; fileEncoding = 4; lastKnownFileType = sourcecode.c.h; path = brickController.h; sourceTree = "<group>"; };
		3A96B45E1760692A000970EC /* brickController.m */ = {isa = PBXFileReference; fileEncoding = 4; lastKnownFileType = sourcecode.c.objc; path = brickController.m; sourceTree = "<group>"; };
		3A96B46017607396000970EC /* distributor.png */ = {isa = PBXFileReference; lastKnownFileType = image.png; path = distributor.png; sourceTree = "<group>"; };
		3A96B46117607396000970EC /* distributor@2x.png */ = {isa = PBXFileReference; lastKnownFileType = image.png; path = "distributor@2x.png"; sourceTree = "<group>"; };
		3A96B464176074F6000970EC /* pin_annotation.png */ = {isa = PBXFileReference; lastKnownFileType = image.png; path = pin_annotation.png; sourceTree = "<group>"; };
		3A96B465176074F6000970EC /* pin_annotation@2x.png */ = {isa = PBXFileReference; lastKnownFileType = image.png; path = "pin_annotation@2x.png"; sourceTree = "<group>"; };
		3A96B4691760AC77000970EC /* AbstractActionSheetPicker.h */ = {isa = PBXFileReference; fileEncoding = 4; lastKnownFileType = sourcecode.c.h; path = AbstractActionSheetPicker.h; sourceTree = "<group>"; };
		3A96B46A1760AC77000970EC /* AbstractActionSheetPicker.m */ = {isa = PBXFileReference; fileEncoding = 4; lastKnownFileType = sourcecode.c.objc; path = AbstractActionSheetPicker.m; sourceTree = "<group>"; };
		3A96B46B1760AC77000970EC /* ActionSheetDatePicker.h */ = {isa = PBXFileReference; fileEncoding = 4; lastKnownFileType = sourcecode.c.h; path = ActionSheetDatePicker.h; sourceTree = "<group>"; };
		3A96B46C1760AC77000970EC /* ActionSheetDatePicker.m */ = {isa = PBXFileReference; fileEncoding = 4; lastKnownFileType = sourcecode.c.objc; path = ActionSheetDatePicker.m; sourceTree = "<group>"; };
		3A96B46D1760AC77000970EC /* ActionSheetDistancePicker.h */ = {isa = PBXFileReference; fileEncoding = 4; lastKnownFileType = sourcecode.c.h; path = ActionSheetDistancePicker.h; sourceTree = "<group>"; };
		3A96B46E1760AC77000970EC /* ActionSheetDistancePicker.m */ = {isa = PBXFileReference; fileEncoding = 4; lastKnownFileType = sourcecode.c.objc; path = ActionSheetDistancePicker.m; sourceTree = "<group>"; };
		3A96B46F1760AC77000970EC /* ActionSheetStringPicker.h */ = {isa = PBXFileReference; fileEncoding = 4; lastKnownFileType = sourcecode.c.h; path = ActionSheetStringPicker.h; sourceTree = "<group>"; };
		3A96B4701760AC77000970EC /* ActionSheetStringPicker.m */ = {isa = PBXFileReference; fileEncoding = 4; lastKnownFileType = sourcecode.c.objc; path = ActionSheetStringPicker.m; sourceTree = "<group>"; };
		3A96B4711760AC77000970EC /* DistancePickerView.h */ = {isa = PBXFileReference; fileEncoding = 4; lastKnownFileType = sourcecode.c.h; path = DistancePickerView.h; sourceTree = "<group>"; };
		3A96B4721760AC77000970EC /* DistancePickerView.m */ = {isa = PBXFileReference; fileEncoding = 4; lastKnownFileType = sourcecode.c.objc; path = DistancePickerView.m; sourceTree = "<group>"; };
		3A9900011762056000DBC696 /* brickProductController.h */ = {isa = PBXFileReference; fileEncoding = 4; lastKnownFileType = sourcecode.c.h; path = brickProductController.h; sourceTree = "<group>"; };
		3A9900021762056000DBC696 /* brickProductController.m */ = {isa = PBXFileReference; fileEncoding = 4; lastKnownFileType = sourcecode.c.objc; path = brickProductController.m; sourceTree = "<group>"; };
		3A9900041762208500DBC696 /* background_gradient.png */ = {isa = PBXFileReference; lastKnownFileType = image.png; path = background_gradient.png; sourceTree = "<group>"; };
		3A99000617623C0500DBC696 /* DoctorController.h */ = {isa = PBXFileReference; fileEncoding = 4; lastKnownFileType = sourcecode.c.h; path = DoctorController.h; sourceTree = "<group>"; };
		3A99000717623C0500DBC696 /* DoctorController.m */ = {isa = PBXFileReference; fileEncoding = 4; lastKnownFileType = sourcecode.c.objc; path = DoctorController.m; sourceTree = "<group>"; };
		3A99D3FF17704D7300C4DABE /* logout.png */ = {isa = PBXFileReference; lastKnownFileType = image.png; path = logout.png; sourceTree = "<group>"; };
		3A99D40017704D7300C4DABE /* logout@2x.png */ = {isa = PBXFileReference; lastKnownFileType = image.png; path = "logout@2x.png"; sourceTree = "<group>"; };
		3A9E8B011769EBC10028D433 /* titlebar-add-btn.png */ = {isa = PBXFileReference; lastKnownFileType = image.png; path = "titlebar-add-btn.png"; sourceTree = "<group>"; };
		3A9E8B021769EBC10028D433 /* titlebar-add-btn@2x.png */ = {isa = PBXFileReference; lastKnownFileType = image.png; path = "titlebar-add-btn@2x.png"; sourceTree = "<group>"; };
		3A9E8B051769F9A50028D433 /* titlebar-back-btn.png */ = {isa = PBXFileReference; lastKnownFileType = image.png; path = "titlebar-back-btn.png"; sourceTree = "<group>"; };
		3A9E8B061769F9A50028D433 /* titlebar-back-btn@2x.png */ = {isa = PBXFileReference; lastKnownFileType = image.png; path = "titlebar-back-btn@2x.png"; sourceTree = "<group>"; };
		3A9ECA59176870E700297583 /* icon-doctor.png */ = {isa = PBXFileReference; lastKnownFileType = image.png; path = "icon-doctor.png"; sourceTree = "<group>"; };
		3A9ECA5A176870E700297583 /* icon-doctor@2x.png */ = {isa = PBXFileReference; lastKnownFileType = image.png; path = "icon-doctor@2x.png"; sourceTree = "<group>"; };
		3A9ECA5D176871D700297583 /* icon-report.png */ = {isa = PBXFileReference; lastKnownFileType = image.png; path = "icon-report.png"; sourceTree = "<group>"; };
		3A9ECA5E176871D700297583 /* icon-report@2x.png */ = {isa = PBXFileReference; lastKnownFileType = image.png; path = "icon-report@2x.png"; sourceTree = "<group>"; };
		3A9ECA6217688C3900297583 /* Custombutton.h */ = {isa = PBXFileReference; fileEncoding = 4; lastKnownFileType = sourcecode.c.h; path = Custombutton.h; sourceTree = "<group>"; };
		3A9ECA6317688C3900297583 /* Custombutton.m */ = {isa = PBXFileReference; fileEncoding = 4; lastKnownFileType = sourcecode.c.objc; path = Custombutton.m; sourceTree = "<group>"; };
		3A9ECA65176892DE00297583 /* icon_contact.png */ = {isa = PBXFileReference; lastKnownFileType = image.png; path = icon_contact.png; sourceTree = "<group>"; };
		3A9ECA66176892DE00297583 /* icon_mail.png */ = {isa = PBXFileReference; lastKnownFileType = image.png; path = icon_mail.png; sourceTree = "<group>"; };
		3A9ECA67176892DF00297583 /* icon_sms.png */ = {isa = PBXFileReference; lastKnownFileType = image.png; path = icon_sms.png; sourceTree = "<group>"; };
		3A9ECA6B1768946100297583 /* MessageUI.framework */ = {isa = PBXFileReference; lastKnownFileType = wrapper.framework; name = MessageUI.framework; path = System/Library/Frameworks/MessageUI.framework; sourceTree = SDKROOT; };
		3A9ECA6D1768AE0600297583 /* doctorViewController_iPad.h */ = {isa = PBXFileReference; fileEncoding = 4; lastKnownFileType = sourcecode.c.h; path = doctorViewController_iPad.h; sourceTree = "<group>"; };
		3A9ECA6E1768AE0600297583 /* doctorViewController_iPad.m */ = {isa = PBXFileReference; fileEncoding = 4; lastKnownFileType = sourcecode.c.objc; path = doctorViewController_iPad.m; sourceTree = "<group>"; };
		3A9ECA6F1768AE0600297583 /* doctorViewController_iPad.xib */ = {isa = PBXFileReference; fileEncoding = 4; lastKnownFileType = file.xib; path = doctorViewController_iPad.xib; sourceTree = "<group>"; };
		3A9ECA721768B11600297583 /* icon_back.png */ = {isa = PBXFileReference; lastKnownFileType = image.png; path = icon_back.png; sourceTree = "<group>"; };
		3A9ECA731768B11600297583 /* icon_back@2x.png */ = {isa = PBXFileReference; lastKnownFileType = image.png; path = "icon_back@2x.png"; sourceTree = "<group>"; };
		3AB43CA5175DCAE5007A79BC /* salesmonitor.app */ = {isa = PBXFileReference; explicitFileType = wrapper.application; includeInIndex = 0; path = salesmonitor.app; sourceTree = BUILT_PRODUCTS_DIR; };
		3AB43CA8175DCAE5007A79BC /* UIKit.framework */ = {isa = PBXFileReference; lastKnownFileType = wrapper.framework; name = UIKit.framework; path = System/Library/Frameworks/UIKit.framework; sourceTree = SDKROOT; };
		3AB43CAA175DCAE5007A79BC /* Foundation.framework */ = {isa = PBXFileReference; lastKnownFileType = wrapper.framework; name = Foundation.framework; path = System/Library/Frameworks/Foundation.framework; sourceTree = SDKROOT; };
		3AB43CAC175DCAE5007A79BC /* CoreGraphics.framework */ = {isa = PBXFileReference; lastKnownFileType = wrapper.framework; name = CoreGraphics.framework; path = System/Library/Frameworks/CoreGraphics.framework; sourceTree = SDKROOT; };
		3AB43CB0175DCAE5007A79BC /* salesmonitor-Info.plist */ = {isa = PBXFileReference; lastKnownFileType = text.plist.xml; path = "salesmonitor-Info.plist"; sourceTree = "<group>"; };
		3AB43CB2175DCAE5007A79BC /* en */ = {isa = PBXFileReference; lastKnownFileType = text.plist.strings; name = en; path = en.lproj/InfoPlist.strings; sourceTree = "<group>"; };
		3AB43CB4175DCAE5007A79BC /* main.m */ = {isa = PBXFileReference; lastKnownFileType = sourcecode.c.objc; path = main.m; sourceTree = "<group>"; };
		3AB43CB6175DCAE5007A79BC /* salesmonitor-Prefix.pch */ = {isa = PBXFileReference; lastKnownFileType = sourcecode.c.h; path = "salesmonitor-Prefix.pch"; sourceTree = "<group>"; };
		3AB43CB7175DCAE5007A79BC /* AppDelegate.h */ = {isa = PBXFileReference; lastKnownFileType = sourcecode.c.h; path = AppDelegate.h; sourceTree = "<group>"; };
		3AB43CB8175DCAE5007A79BC /* AppDelegate.m */ = {isa = PBXFileReference; lastKnownFileType = sourcecode.c.objc; path = AppDelegate.m; sourceTree = "<group>"; };
		3AB43CBA175DCAE5007A79BC /* Default.png */ = {isa = PBXFileReference; lastKnownFileType = image.png; path = Default.png; sourceTree = "<group>"; };
		3AB43CBC175DCAE5007A79BC /* Default@2x.png */ = {isa = PBXFileReference; lastKnownFileType = image.png; path = "Default@2x.png"; sourceTree = "<group>"; };
		3AB43CBE175DCAE5007A79BC /* Default-568h@2x.png */ = {isa = PBXFileReference; lastKnownFileType = image.png; path = "Default-568h@2x.png"; sourceTree = "<group>"; };
		3AB43D04175DCD6E007A79BC /* productViewController_iPhone.h */ = {isa = PBXFileReference; fileEncoding = 4; lastKnownFileType = sourcecode.c.h; path = productViewController_iPhone.h; sourceTree = "<group>"; };
		3AB43D05175DCD6E007A79BC /* productViewController_iPhone.m */ = {isa = PBXFileReference; fileEncoding = 4; lastKnownFileType = sourcecode.c.objc; path = productViewController_iPhone.m; sourceTree = "<group>"; };
		3AB43D06175DCD6E007A79BC /* productViewController_iPhone.xib */ = {isa = PBXFileReference; fileEncoding = 4; lastKnownFileType = file.xib; path = productViewController_iPhone.xib; sourceTree = "<group>"; };
		3AB43D0B175DCDB2007A79BC /* productViewController_iPad.xib */ = {isa = PBXFileReference; fileEncoding = 4; lastKnownFileType = file.xib; path = productViewController_iPad.xib; sourceTree = "<group>"; };
		3AB43D11175DD6AA007A79BC /* loginViewController_iPhone.h */ = {isa = PBXFileReference; fileEncoding = 4; lastKnownFileType = sourcecode.c.h; path = loginViewController_iPhone.h; sourceTree = "<group>"; };
		3AB43D12175DD6AA007A79BC /* loginViewController_iPhone.m */ = {isa = PBXFileReference; fileEncoding = 4; lastKnownFileType = sourcecode.c.objc; path = loginViewController_iPhone.m; sourceTree = "<group>"; };
		3AB43D13175DD6AA007A79BC /* loginViewController_iPhone.xib */ = {isa = PBXFileReference; fileEncoding = 4; lastKnownFileType = file.xib; path = loginViewController_iPhone.xib; sourceTree = "<group>"; };
		3AB43D16175DD6BD007A79BC /* loginViewController_iPad.h */ = {isa = PBXFileReference; fileEncoding = 4; lastKnownFileType = sourcecode.c.h; path = loginViewController_iPad.h; sourceTree = "<group>"; };
		3AB43D17175DD6BD007A79BC /* loginViewController_iPad.m */ = {isa = PBXFileReference; fileEncoding = 4; lastKnownFileType = sourcecode.c.objc; path = loginViewController_iPad.m; sourceTree = "<group>"; };
		3AB43D18175DD6BD007A79BC /* loginViewController_iPad.xib */ = {isa = PBXFileReference; fileEncoding = 4; lastKnownFileType = file.xib; path = loginViewController_iPad.xib; sourceTree = "<group>"; };
		3AB43D1B175DE417007A79BC /* loginController.h */ = {isa = PBXFileReference; fileEncoding = 4; lastKnownFileType = sourcecode.c.h; path = loginController.h; sourceTree = "<group>"; };
		3AB43D1C175DE417007A79BC /* loginController.m */ = {isa = PBXFileReference; fileEncoding = 4; lastKnownFileType = sourcecode.c.objc; path = loginController.m; sourceTree = "<group>"; };
		3AB43D3D175DE9C0007A79BC /* MobileCoreServices.framework */ = {isa = PBXFileReference; lastKnownFileType = wrapper.framework; name = MobileCoreServices.framework; path = System/Library/Frameworks/MobileCoreServices.framework; sourceTree = SDKROOT; };
		3AB43D3F175DE9E0007A79BC /* SystemConfiguration.framework */ = {isa = PBXFileReference; lastKnownFileType = wrapper.framework; name = SystemConfiguration.framework; path = System/Library/Frameworks/SystemConfiguration.framework; sourceTree = SDKROOT; };
		3AB43D41175DEA3E007A79BC /* applicationConstants.h */ = {isa = PBXFileReference; fileEncoding = 4; lastKnownFileType = sourcecode.c.h; path = applicationConstants.h; sourceTree = "<group>"; };
		3AB43D43175DED1A007A79BC /* Reachability.h */ = {isa = PBXFileReference; fileEncoding = 4; lastKnownFileType = sourcecode.c.h; path = Reachability.h; sourceTree = "<group>"; };
		3AB43D44175DED1A007A79BC /* Reachability.m */ = {isa = PBXFileReference; fileEncoding = 4; lastKnownFileType = sourcecode.c.objc; path = Reachability.m; sourceTree = "<group>"; };
		3AB43D47175DED43007A79BC /* AFHTTPClient.h */ = {isa = PBXFileReference; fileEncoding = 4; lastKnownFileType = sourcecode.c.h; path = AFHTTPClient.h; sourceTree = "<group>"; };
		3AB43D48175DED43007A79BC /* AFHTTPClient.m */ = {isa = PBXFileReference; fileEncoding = 4; lastKnownFileType = sourcecode.c.objc; path = AFHTTPClient.m; sourceTree = "<group>"; };
		3AB43D49175DED43007A79BC /* AFHTTPRequestOperation.h */ = {isa = PBXFileReference; fileEncoding = 4; lastKnownFileType = sourcecode.c.h; path = AFHTTPRequestOperation.h; sourceTree = "<group>"; };
		3AB43D4A175DED43007A79BC /* AFHTTPRequestOperation.m */ = {isa = PBXFileReference; fileEncoding = 4; lastKnownFileType = sourcecode.c.objc; path = AFHTTPRequestOperation.m; sourceTree = "<group>"; };
		3AB43D4B175DED43007A79BC /* AFImageRequestOperation.h */ = {isa = PBXFileReference; fileEncoding = 4; lastKnownFileType = sourcecode.c.h; path = AFImageRequestOperation.h; sourceTree = "<group>"; };
		3AB43D4C175DED44007A79BC /* AFImageRequestOperation.m */ = {isa = PBXFileReference; fileEncoding = 4; lastKnownFileType = sourcecode.c.objc; path = AFImageRequestOperation.m; sourceTree = "<group>"; };
		3AB43D4D175DED44007A79BC /* AFJSONRequestOperation.h */ = {isa = PBXFileReference; fileEncoding = 4; lastKnownFileType = sourcecode.c.h; path = AFJSONRequestOperation.h; sourceTree = "<group>"; };
		3AB43D4E175DED44007A79BC /* AFJSONRequestOperation.m */ = {isa = PBXFileReference; fileEncoding = 4; lastKnownFileType = sourcecode.c.objc; path = AFJSONRequestOperation.m; sourceTree = "<group>"; };
		3AB43D4F175DED44007A79BC /* AFNetworkActivityIndicatorManager.h */ = {isa = PBXFileReference; fileEncoding = 4; lastKnownFileType = sourcecode.c.h; path = AFNetworkActivityIndicatorManager.h; sourceTree = "<group>"; };
		3AB43D50175DED44007A79BC /* AFNetworkActivityIndicatorManager.m */ = {isa = PBXFileReference; fileEncoding = 4; lastKnownFileType = sourcecode.c.objc; path = AFNetworkActivityIndicatorManager.m; sourceTree = "<group>"; };
		3AB43D51175DED44007A79BC /* AFNetworking.h */ = {isa = PBXFileReference; fileEncoding = 4; lastKnownFileType = sourcecode.c.h; path = AFNetworking.h; sourceTree = "<group>"; };
		3AB43D52175DED44007A79BC /* AFPropertyListRequestOperation.h */ = {isa = PBXFileReference; fileEncoding = 4; lastKnownFileType = sourcecode.c.h; path = AFPropertyListRequestOperation.h; sourceTree = "<group>"; };
		3AB43D53175DED44007A79BC /* AFPropertyListRequestOperation.m */ = {isa = PBXFileReference; fileEncoding = 4; lastKnownFileType = sourcecode.c.objc; path = AFPropertyListRequestOperation.m; sourceTree = "<group>"; };
		3AB43D54175DED44007A79BC /* AFURLConnectionOperation.h */ = {isa = PBXFileReference; fileEncoding = 4; lastKnownFileType = sourcecode.c.h; path = AFURLConnectionOperation.h; sourceTree = "<group>"; };
		3AB43D55175DED44007A79BC /* AFURLConnectionOperation.m */ = {isa = PBXFileReference; fileEncoding = 4; lastKnownFileType = sourcecode.c.objc; path = AFURLConnectionOperation.m; sourceTree = "<group>"; };
		3AB43D56175DED44007A79BC /* AFXMLRequestOperation.h */ = {isa = PBXFileReference; fileEncoding = 4; lastKnownFileType = sourcecode.c.h; path = AFXMLRequestOperation.h; sourceTree = "<group>"; };
		3AB43D57175DED44007A79BC /* AFXMLRequestOperation.m */ = {isa = PBXFileReference; fileEncoding = 4; lastKnownFileType = sourcecode.c.objc; path = AFXMLRequestOperation.m; sourceTree = "<group>"; };
		3AB43D58175DED44007A79BC /* UIImageView+AFNetworking.h */ = {isa = PBXFileReference; fileEncoding = 4; lastKnownFileType = sourcecode.c.h; path = "UIImageView+AFNetworking.h"; sourceTree = "<group>"; };
		3AB43D59175DED44007A79BC /* UIImageView+AFNetworking.m */ = {isa = PBXFileReference; fileEncoding = 4; lastKnownFileType = sourcecode.c.objc; path = "UIImageView+AFNetworking.m"; sourceTree = "<group>"; };
		3AB43D69175E0E2F007A79BC /* QuartzCore.framework */ = {isa = PBXFileReference; lastKnownFileType = wrapper.framework; name = QuartzCore.framework; path = System/Library/Frameworks/QuartzCore.framework; sourceTree = SDKROOT; };
		3AB43D6C175E18D3007A79BC /* KGModal.h */ = {isa = PBXFileReference; fileEncoding = 4; lastKnownFileType = sourcecode.c.h; path = KGModal.h; sourceTree = "<group>"; };
		3AB43D6D175E18D3007A79BC /* KGModal.m */ = {isa = PBXFileReference; fileEncoding = 4; lastKnownFileType = sourcecode.c.objc; path = KGModal.m; sourceTree = "<group>"; };
		3AB43D74175E22E4007A79BC /* BlockActionSheet.h */ = {isa = PBXFileReference; fileEncoding = 4; lastKnownFileType = sourcecode.c.h; path = BlockActionSheet.h; sourceTree = "<group>"; };
		3AB43D75175E22E4007A79BC /* BlockActionSheet.m */ = {isa = PBXFileReference; fileEncoding = 4; lastKnownFileType = sourcecode.c.objc; path = BlockActionSheet.m; sourceTree = "<group>"; };
		3AB43D76175E22E4007A79BC /* BlockAlertView.h */ = {isa = PBXFileReference; fileEncoding = 4; lastKnownFileType = sourcecode.c.h; path = BlockAlertView.h; sourceTree = "<group>"; };
		3AB43D77175E22E4007A79BC /* BlockAlertView.m */ = {isa = PBXFileReference; fileEncoding = 4; lastKnownFileType = sourcecode.c.objc; path = BlockAlertView.m; sourceTree = "<group>"; };
		3AB43D78175E22E4007A79BC /* BlockBackground.h */ = {isa = PBXFileReference; fileEncoding = 4; lastKnownFileType = sourcecode.c.h; path = BlockBackground.h; sourceTree = "<group>"; };
		3AB43D79175E22E4007A79BC /* BlockBackground.m */ = {isa = PBXFileReference; fileEncoding = 4; lastKnownFileType = sourcecode.c.objc; path = BlockBackground.m; sourceTree = "<group>"; };
		3AB43D7A175E22E4007A79BC /* BlockTextPromptAlertView.h */ = {isa = PBXFileReference; fileEncoding = 4; lastKnownFileType = sourcecode.c.h; path = BlockTextPromptAlertView.h; sourceTree = "<group>"; };
		3AB43D7B175E22E4007A79BC /* BlockTextPromptAlertView.m */ = {isa = PBXFileReference; fileEncoding = 4; lastKnownFileType = sourcecode.c.objc; path = BlockTextPromptAlertView.m; sourceTree = "<group>"; };
		3AB43D7C175E22E4007A79BC /* BlockUI.h */ = {isa = PBXFileReference; fileEncoding = 4; lastKnownFileType = sourcecode.c.h; path = BlockUI.h; sourceTree = "<group>"; };
		3AB43D82175E2572007A79BC /* SIAlertView.bundle */ = {isa = PBXFileReference; lastKnownFileType = "wrapper.plug-in"; path = SIAlertView.bundle; sourceTree = "<group>"; };
		3AB43D83175E2572007A79BC /* SIAlertView.h */ = {isa = PBXFileReference; fileEncoding = 4; lastKnownFileType = sourcecode.c.h; path = SIAlertView.h; sourceTree = "<group>"; };
		3AB43D84175E2572007A79BC /* SIAlertView.m */ = {isa = PBXFileReference; fileEncoding = 4; lastKnownFileType = sourcecode.c.objc; path = SIAlertView.m; sourceTree = "<group>"; };
/* End PBXFileReference section */

/* Begin PBXFrameworksBuildPhase section */
		3AB43CA2175DCAE5007A79BC /* Frameworks */ = {
			isa = PBXFrameworksBuildPhase;
			buildActionMask = 2147483647;
			files = (
				3A9ECA6C1768946100297583 /* MessageUI.framework in Frameworks */,
				3A93A73E1767026E00ADCB49 /* CoreData.framework in Frameworks */,
				3A93A73B1767017C00ADCB49 /* libxml2.2.dylib in Frameworks */,
				3A93A73C1767017C00ADCB49 /* libxml2.dylib in Frameworks */,
				3A127E09175F7B0E00C7CA96 /* MapKit.framework in Frameworks */,
				3A127DFF175F5CF500C7CA96 /* ImageIO.framework in Frameworks */,
				3AB43D6A175E0E2F007A79BC /* QuartzCore.framework in Frameworks */,
				3AB43D40175DE9E0007A79BC /* SystemConfiguration.framework in Frameworks */,
				3AB43D3E175DE9C1007A79BC /* MobileCoreServices.framework in Frameworks */,
				3AB43CA9175DCAE5007A79BC /* UIKit.framework in Frameworks */,
				3AB43CAB175DCAE5007A79BC /* Foundation.framework in Frameworks */,
				3AB43CAD175DCAE5007A79BC /* CoreGraphics.framework in Frameworks */,
			);
			runOnlyForDeploymentPostprocessing = 0;
		};
/* End PBXFrameworksBuildPhase section */

/* Begin PBXGroup section */
		3A127DDF175F186300C7CA96 /* images */ = {
			isa = PBXGroup;
			children = (
				3A99D3FF17704D7300C4DABE /* logout.png */,
				3A99D40017704D7300C4DABE /* logout@2x.png */,
				3A95BE94176F37E200C72D36 /* icon-stats.png */,
				3A95BE95176F37E200C72D36 /* icon-stats@2x.png */,
				3A9E8B051769F9A50028D433 /* titlebar-back-btn.png */,
				3A9E8B061769F9A50028D433 /* titlebar-back-btn@2x.png */,
				3A9E8B011769EBC10028D433 /* titlebar-add-btn.png */,
				3A9E8B021769EBC10028D433 /* titlebar-add-btn@2x.png */,
				3A9ECA721768B11600297583 /* icon_back.png */,
				3A9ECA731768B11600297583 /* icon_back@2x.png */,
				3A9ECA65176892DE00297583 /* icon_contact.png */,
				3A9ECA66176892DE00297583 /* icon_mail.png */,
				3A9ECA67176892DF00297583 /* icon_sms.png */,
				3A9ECA5D176871D700297583 /* icon-report.png */,
				3A9ECA5E176871D700297583 /* icon-report@2x.png */,
				3A9ECA59176870E700297583 /* icon-doctor.png */,
				3A9ECA5A176870E700297583 /* icon-doctor@2x.png */,
				3A92F50317660710008F2753 /* refresh@2x.png */,
				3A92F50417660710008F2753 /* refresh.png */,
				3A9900041762208500DBC696 /* background_gradient.png */,
				3A96B464176074F6000970EC /* pin_annotation.png */,
				3A96B465176074F6000970EC /* pin_annotation@2x.png */,
				3A96B46017607396000970EC /* distributor.png */,
				3A96B46117607396000970EC /* distributor@2x.png */,
				3A127E00175F69BE00C7CA96 /* icon-list.png */,
				3A127E01175F69BE00C7CA96 /* icon-list@2x.png */,
				3A127E02175F69BE00C7CA96 /* icon-map.png */,
				3A127E03175F69BE00C7CA96 /* icon-map@2x.png */,
			);
			path = images;
			sourceTree = "<group>";
		};
		3A127DE0175F5B9500C7CA96 /* SDWebImage */ = {
			isa = PBXGroup;
			children = (
				3A127DE1175F5B9500C7CA96 /* LICENSE */,
				3A127DE2175F5B9500C7CA96 /* SDImageCache.h */,
				3A127DE3175F5B9500C7CA96 /* SDImageCache.m */,
				3A127DE4175F5B9600C7CA96 /* SDImageCacheDelegate.h */,
				3A127DE5175F5B9600C7CA96 /* SDWebImageCompat.h */,
				3A127DE6175F5B9600C7CA96 /* SDWebImageDecoder.h */,
				3A127DE7175F5B9600C7CA96 /* SDWebImageDecoder.m */,
				3A127DE8175F5B9600C7CA96 /* SDWebImageDownloader.h */,
				3A127DE9175F5B9600C7CA96 /* SDWebImageDownloader.m */,
				3A127DEA175F5B9600C7CA96 /* SDWebImageDownloaderDelegate.h */,
				3A127DEB175F5B9600C7CA96 /* SDWebImageManager.h */,
				3A127DEC175F5B9600C7CA96 /* SDWebImageManager.m */,
				3A127DED175F5B9600C7CA96 /* SDWebImageManagerDelegate.h */,
				3A127DEE175F5B9600C7CA96 /* SDWebImagePrefetcher.h */,
				3A127DEF175F5B9600C7CA96 /* SDWebImagePrefetcher.m */,
				3A127DF0175F5B9600C7CA96 /* UIButton+WebCache.h */,
				3A127DF1175F5B9600C7CA96 /* UIButton+WebCache.m */,
				3A127DF2175F5B9600C7CA96 /* UIImageView+WebCache.h */,
				3A127DF3175F5B9600C7CA96 /* UIImageView+WebCache.m */,
			);
			path = SDWebImage;
			sourceTree = "<group>";
		};
		3A92F4FD1765CB39008F2753 /* SVProgressHUD */ = {
			isa = PBXGroup;
			children = (
				3A92F4FE1765CB39008F2753 /* SVProgressHUD.bundle */,
				3A92F4FF1765CB39008F2753 /* SVProgressHUD.h */,
				3A92F5001765CB39008F2753 /* SVProgressHUD.m */,
			);
			path = SVProgressHUD;
			sourceTree = "<group>";
		};
		3A93A70C1766FF5D00ADCB49 /* BarChart */ = {
			isa = PBXGroup;
			children = (
				3A93A70D1766FF5D00ADCB49 /* Shared */,
			);
			path = BarChart;
			sourceTree = "<group>";
		};
		3A93A70D1766FF5D00ADCB49 /* Shared */ = {
			isa = PBXGroup;
			children = (
				3A93A70E1766FF5D00ADCB49 /* Common */,
				3A93A7281766FF5D00ADCB49 /* Data */,
			);
			path = Shared;
			sourceTree = "<group>";
		};
		3A93A70E1766FF5D00ADCB49 /* Common */ = {
			isa = PBXGroup;
			children = (
				3A93A70F1766FF5D00ADCB49 /* BarChart */,
			);
			path = Common;
			sourceTree = "<group>";
		};
		3A93A70F1766FF5D00ADCB49 /* BarChart */ = {
			isa = PBXGroup;
			children = (
				3A93A7101766FF5D00ADCB49 /* BarChartView.h */,
				3A93A7111766FF5D00ADCB49 /* BarChartView.m */,
				3A93A7121766FF5D00ADCB49 /* BarLabel.h */,
				3A93A7131766FF5D00ADCB49 /* BarLabel.m */,
				3A93A7141766FF5D00ADCB49 /* BarView.h */,
				3A93A7151766FF5D00ADCB49 /* BarView.m */,
				3A93A7161766FF5D00ADCB49 /* External */,
				3A93A7261766FF5D00ADCB49 /* PlotChartView.h */,
				3A93A7271766FF5D00ADCB49 /* PlotChartView.m */,
			);
			path = BarChart;
			sourceTree = "<group>";
		};
		3A93A7161766FF5D00ADCB49 /* External */ = {
			isa = PBXGroup;
			children = (
				3A93A7171766FF5D00ADCB49 /* CMPopTipView */,
				3A93A71A1766FF5D00ADCB49 /* Helpers */,
				3A93A71F1766FF5D00ADCB49 /* XMLParser */,
			);
			path = External;
			sourceTree = "<group>";
		};
		3A93A7171766FF5D00ADCB49 /* CMPopTipView */ = {
			isa = PBXGroup;
			children = (
				3A93A7181766FF5D00ADCB49 /* CMPopTipView.h */,
				3A93A7191766FF5D00ADCB49 /* CMPopTipView.m */,
			);
			path = CMPopTipView;
			sourceTree = "<group>";
		};
		3A93A71A1766FF5D00ADCB49 /* Helpers */ = {
			isa = PBXGroup;
			children = (
				3A93A71B1766FF5D00ADCB49 /* UIColor+i7HexColor.h */,
				3A93A71C1766FF5D00ADCB49 /* UIColor+i7HexColor.m */,
				3A93A71D1766FF5D00ADCB49 /* UIViewSizeShortcuts.h */,
				3A93A71E1766FF5D00ADCB49 /* UIViewSizeShortcuts.m */,
			);
			path = Helpers;
			sourceTree = "<group>";
		};
		3A93A71F1766FF5D00ADCB49 /* XMLParser */ = {
			isa = PBXGroup;
			children = (
				3A93A7201766FF5D00ADCB49 /* XMLElement.h */,
				3A93A7211766FF5D00ADCB49 /* XMLElement.m */,
				3A93A7221766FF5D00ADCB49 /* XMLParser.h */,
				3A93A7231766FF5D00ADCB49 /* XMLParser.m */,
				3A93A7241766FF5D00ADCB49 /* XMLParserDelegate.h */,
				3A93A7251766FF5D00ADCB49 /* XMLParserDelegate.m */,
			);
			path = XMLParser;
			sourceTree = "<group>";
		};
		3A93A7281766FF5D00ADCB49 /* Data */ = {
			isa = PBXGroup;
			children = (
				3A93A7291766FF5D00ADCB49 /* barChart.xml */,
			);
			path = Data;
			sourceTree = "<group>";
		};
		3A93A72A1766FF5D00ADCB49 /* XMlParser */ = {
			isa = PBXGroup;
			children = (
				3A93A72B1766FF5D00ADCB49 /* GDataXMLNode.h */,
				3A93A72C1766FF5D00ADCB49 /* GDataXMLNode.m */,
			);
			path = XMlParser;
			sourceTree = "<group>";
		};
		3A93A73F17671DC700ADCB49 /* ChartData */ = {
			isa = PBXGroup;
			children = (
				3A93A74017671DDA00ADCB49 /* ChartData.h */,
				3A93A74117671DDA00ADCB49 /* ChartData.m */,
			);
			path = ChartData;
			sourceTree = "<group>";
		};
		3A9480571760EFE30068A201 /* doctor */ = {
			isa = PBXGroup;
			children = (
				3A9480591760F0010068A201 /* controller */,
				3A9480581760EFF30068A201 /* view */,
			);
			path = doctor;
			sourceTree = "<group>";
		};
		3A9480581760EFF30068A201 /* view */ = {
			isa = PBXGroup;
			children = (
				3A94805A1760F0430068A201 /* doctorViewController_iPhone.h */,
				3A94805B1760F0430068A201 /* doctorViewController_iPhone.m */,
				3A94805C1760F0430068A201 /* doctorViewController_iPhone.xib */,
				3A9ECA6D1768AE0600297583 /* doctorViewController_iPad.h */,
				3A9ECA6E1768AE0600297583 /* doctorViewController_iPad.m */,
				3A9ECA6F1768AE0600297583 /* doctorViewController_iPad.xib */,
			);
			path = view;
			sourceTree = "<group>";
		};
		3A9480591760F0010068A201 /* controller */ = {
			isa = PBXGroup;
			children = (
				3A99000617623C0500DBC696 /* DoctorController.h */,
				3A99000717623C0500DBC696 /* DoctorController.m */,
			);
			path = controller;
			sourceTree = "<group>";
		};
		3A95BE84176F2B1D00C72D36 /* ProductReportAdvance */ = {
			isa = PBXGroup;
			children = (
				3A95BE8A176F2BA500C72D36 /* AdvanceReportViewController_iPhone.h */,
				3A95BE8B176F2BA500C72D36 /* AdvanceReportViewController_iPhone.m */,
				3A95BE8C176F2BA500C72D36 /* AdvanceReportViewController_iPhone.xib */,
				3A95BE91176F2BBB00C72D36 /* AdvanceReportViewController_iPad.xib */,
			);
			name = ProductReportAdvance;
			path = ProductreportAdvance;
			sourceTree = "<group>";
		};
		3A96B44217605D6A000970EC /* productReport */ = {
			isa = PBXGroup;
			children = (
				3A93A73F17671DC700ADCB49 /* ChartData */,
				3A96B44417605DB7000970EC /* controller */,
				3A96B44317605DA3000970EC /* view */,
			);
			name = productReport;
			path = salesmonitor/productReport;
			sourceTree = SOURCE_ROOT;
		};
		3A96B44317605DA3000970EC /* view */ = {
			isa = PBXGroup;
			children = (
				3A96B44A17605E07000970EC /* ProductReportViewController_iPhone.h */,
				3A96B44B17605E07000970EC /* ProductReportViewController_iPhone.m */,
				3A96B44C17605E07000970EC /* ProductReportViewController_iPhone.xib */,
				3A96B44F17605E17000970EC /* ProductReportViewController_iPad.h */,
				3A96B45017605E17000970EC /* ProductReportViewController_iPad.m */,
				3A96B45117605E17000970EC /* ProductReportViewController_iPad.xib */,
			);
			name = view;
			path = View;
			sourceTree = "<group>";
		};
		3A96B44417605DB7000970EC /* controller */ = {
			isa = PBXGroup;
			children = (
				3A92F4FA1765C162008F2753 /* ProductReportController.h */,
				3A92F4FB1765C162008F2753 /* ProductReportController.m */,
			);
			path = controller;
			sourceTree = "<group>";
		};
		3A96B45417606374000970EC /* CustomClasses */ = {
			isa = PBXGroup;
			children = (
				3A9ECA6117688C3900297583 /* CustomButton */,
				3A96B459176068FE000970EC /* MapAnnotation */,
				3A96B4551760638D000970EC /* ZoomedMapView */,
			);
			path = CustomClasses;
			sourceTree = "<group>";
		};
		3A96B4551760638D000970EC /* ZoomedMapView */ = {
			isa = PBXGroup;
			children = (
				3A96B4561760638D000970EC /* ZoomedMapView.h */,
				3A96B4571760638D000970EC /* ZoomedMapView.m */,
			);
			path = ZoomedMapView;
			sourceTree = "<group>";
		};
		3A96B459176068FE000970EC /* MapAnnotation */ = {
			isa = PBXGroup;
			children = (
				3A96B45A176068FE000970EC /* CustomAnnotation.h */,
				3A96B45B176068FE000970EC /* CustomAnnotation.m */,
			);
			path = MapAnnotation;
			sourceTree = "<group>";
		};
		3A96B4681760AC77000970EC /* BlockActionSheet */ = {
			isa = PBXGroup;
			children = (
				3A96B4691760AC77000970EC /* AbstractActionSheetPicker.h */,
				3A96B46A1760AC77000970EC /* AbstractActionSheetPicker.m */,
				3A96B46B1760AC77000970EC /* ActionSheetDatePicker.h */,
				3A96B46C1760AC77000970EC /* ActionSheetDatePicker.m */,
				3A96B46D1760AC77000970EC /* ActionSheetDistancePicker.h */,
				3A96B46E1760AC77000970EC /* ActionSheetDistancePicker.m */,
				3A96B46F1760AC77000970EC /* ActionSheetStringPicker.h */,
				3A96B4701760AC77000970EC /* ActionSheetStringPicker.m */,
				3A96B4711760AC77000970EC /* DistancePickerView.h */,
				3A96B4721760AC77000970EC /* DistancePickerView.m */,
			);
			path = BlockActionSheet;
			sourceTree = "<group>";
		};
		3A9ECA6117688C3900297583 /* CustomButton */ = {
			isa = PBXGroup;
			children = (
				3A9ECA6217688C3900297583 /* Custombutton.h */,
				3A9ECA6317688C3900297583 /* Custombutton.m */,
			);
			path = CustomButton;
			sourceTree = "<group>";
		};
		3AB43C9C175DCAE5007A79BC = {
			isa = PBXGroup;
			children = (
				3AB43CAE175DCAE5007A79BC /* salesmonitor */,
				3AB43CA7175DCAE5007A79BC /* Frameworks */,
				3AB43CA6175DCAE5007A79BC /* Products */,
			);
			sourceTree = "<group>";
		};
		3AB43CA6175DCAE5007A79BC /* Products */ = {
			isa = PBXGroup;
			children = (
				3AB43CA5175DCAE5007A79BC /* salesmonitor.app */,
			);
			name = Products;
			sourceTree = "<group>";
		};
		3AB43CA7175DCAE5007A79BC /* Frameworks */ = {
			isa = PBXGroup;
			children = (
				3A9ECA6B1768946100297583 /* MessageUI.framework */,
				3A93A7391767017C00ADCB49 /* libxml2.2.dylib */,
				3A93A73A1767017C00ADCB49 /* libxml2.dylib */,
				3A93A73D1767026E00ADCB49 /* CoreData.framework */,
				3A127E08175F7B0D00C7CA96 /* MapKit.framework */,
				3A127DFE175F5CF400C7CA96 /* ImageIO.framework */,
				3AB43D69175E0E2F007A79BC /* QuartzCore.framework */,
				3AB43D3F175DE9E0007A79BC /* SystemConfiguration.framework */,
				3AB43D3D175DE9C0007A79BC /* MobileCoreServices.framework */,
				3AB43CA8175DCAE5007A79BC /* UIKit.framework */,
				3AB43CAA175DCAE5007A79BC /* Foundation.framework */,
				3AB43CAC175DCAE5007A79BC /* CoreGraphics.framework */,
			);
			name = Frameworks;
			sourceTree = "<group>";
		};
		3AB43CAE175DCAE5007A79BC /* salesmonitor */ = {
			isa = PBXGroup;
			children = (
				3A95BE84176F2B1D00C72D36 /* ProductReportAdvance */,
				3AB43D0E175DD659007A79BC /* login */,
				3A9480571760EFE30068A201 /* doctor */,
				3AB43CC5175DCB59007A79BC /* product */,
				3A96B44217605D6A000970EC /* productReport */,
				3AB43D3C175DE99F007A79BC /* global */,
				3AB43D1E175DE903007A79BC /* supportedLibraries */,
				3A127DDF175F186300C7CA96 /* images */,
				3A96B45417606374000970EC /* CustomClasses */,
				3AB43CB7175DCAE5007A79BC /* AppDelegate.h */,
				3AB43CB8175DCAE5007A79BC /* AppDelegate.m */,
				3AB43CAF175DCAE5007A79BC /* Supporting Files */,
			);
			path = salesmonitor;
			sourceTree = "<group>";
		};
		3AB43CAF175DCAE5007A79BC /* Supporting Files */ = {
			isa = PBXGroup;
			children = (
				3AB43CB0175DCAE5007A79BC /* salesmonitor-Info.plist */,
				3AB43CB1175DCAE5007A79BC /* InfoPlist.strings */,
				3AB43CB4175DCAE5007A79BC /* main.m */,
				3AB43CB6175DCAE5007A79BC /* salesmonitor-Prefix.pch */,
				3AB43CBA175DCAE5007A79BC /* Default.png */,
				3AB43CBC175DCAE5007A79BC /* Default@2x.png */,
				3AB43CBE175DCAE5007A79BC /* Default-568h@2x.png */,
			);
			name = "Supporting Files";
			sourceTree = "<group>";
		};
		3AB43CC5175DCB59007A79BC /* product */ = {
			isa = PBXGroup;
			children = (
				3AB43CC7175DCB7C007A79BC /* controller */,
				3AB43CC6175DCB68007A79BC /* view */,
			);
			path = product;
			sourceTree = "<group>";
		};
		3AB43CC6175DCB68007A79BC /* view */ = {
			isa = PBXGroup;
			children = (
				3AB43D04175DCD6E007A79BC /* productViewController_iPhone.h */,
				3AB43D05175DCD6E007A79BC /* productViewController_iPhone.m */,
				3AB43D06175DCD6E007A79BC /* productViewController_iPhone.xib */,
				3AB43D0B175DCDB2007A79BC /* productViewController_iPad.xib */,
			);
			path = view;
			sourceTree = "<group>";
		};
		3AB43CC7175DCB7C007A79BC /* controller */ = {
			isa = PBXGroup;
			children = (
				3A127DDC175F0F0600C7CA96 /* productController.h */,
				3A127DDD175F0F0600C7CA96 /* productController.m */,
				3A96B45D1760692A000970EC /* brickController.h */,
				3A96B45E1760692A000970EC /* brickController.m */,
				3A9900011762056000DBC696 /* brickProductController.h */,
				3A9900021762056000DBC696 /* brickProductController.m */,
			);
			path = controller;
			sourceTree = "<group>";
		};
		3AB43D0E175DD659007A79BC /* login */ = {
			isa = PBXGroup;
			children = (
				3AB43D10175DD67F007A79BC /* controller */,
				3AB43D0F175DD669007A79BC /* view */,
			);
			path = login;
			sourceTree = "<group>";
		};
		3AB43D0F175DD669007A79BC /* view */ = {
			isa = PBXGroup;
			children = (
				3AB43D11175DD6AA007A79BC /* loginViewController_iPhone.h */,
				3AB43D12175DD6AA007A79BC /* loginViewController_iPhone.m */,
				3AB43D13175DD6AA007A79BC /* loginViewController_iPhone.xib */,
				3AB43D16175DD6BD007A79BC /* loginViewController_iPad.h */,
				3AB43D17175DD6BD007A79BC /* loginViewController_iPad.m */,
				3AB43D18175DD6BD007A79BC /* loginViewController_iPad.xib */,
			);
			path = view;
			sourceTree = "<group>";
		};
		3AB43D10175DD67F007A79BC /* controller */ = {
			isa = PBXGroup;
			children = (
				3AB43D1B175DE417007A79BC /* loginController.h */,
				3AB43D1C175DE417007A79BC /* loginController.m */,
			);
			path = controller;
			sourceTree = "<group>";
		};
		3AB43D1E175DE903007A79BC /* supportedLibraries */ = {
			isa = PBXGroup;
			children = (
				3A93A70C1766FF5D00ADCB49 /* BarChart */,
				3A93A72A1766FF5D00ADCB49 /* XMlParser */,
				3A92F4FD1765CB39008F2753 /* SVProgressHUD */,
				3A96B4681760AC77000970EC /* BlockActionSheet */,
				3A127DE0175F5B9500C7CA96 /* SDWebImage */,
				3AB43D81175E2571007A79BC /* SIAlertView */,
				3AB43D73175E22E4007A79BC /* BlockAlertView */,
				3AB43D6B175E18D3007A79BC /* KGModal */,
				3AB43D46175DED43007A79BC /* AFNetworking */,
				3AB43D42175DED1A007A79BC /* Reachibility */,
			);
			path = supportedLibraries;
			sourceTree = "<group>";
		};
		3AB43D3C175DE99F007A79BC /* global */ = {
			isa = PBXGroup;
			children = (
				3AB43D41175DEA3E007A79BC /* applicationConstants.h */,
			);
			path = global;
			sourceTree = "<group>";
		};
		3AB43D42175DED1A007A79BC /* Reachibility */ = {
			isa = PBXGroup;
			children = (
				3AB43D43175DED1A007A79BC /* Reachability.h */,
				3AB43D44175DED1A007A79BC /* Reachability.m */,
			);
			path = Reachibility;
			sourceTree = "<group>";
		};
		3AB43D46175DED43007A79BC /* AFNetworking */ = {
			isa = PBXGroup;
			children = (
				3AB43D47175DED43007A79BC /* AFHTTPClient.h */,
				3AB43D48175DED43007A79BC /* AFHTTPClient.m */,
				3AB43D49175DED43007A79BC /* AFHTTPRequestOperation.h */,
				3AB43D4A175DED43007A79BC /* AFHTTPRequestOperation.m */,
				3AB43D4B175DED43007A79BC /* AFImageRequestOperation.h */,
				3AB43D4C175DED44007A79BC /* AFImageRequestOperation.m */,
				3AB43D4D175DED44007A79BC /* AFJSONRequestOperation.h */,
				3AB43D4E175DED44007A79BC /* AFJSONRequestOperation.m */,
				3AB43D4F175DED44007A79BC /* AFNetworkActivityIndicatorManager.h */,
				3AB43D50175DED44007A79BC /* AFNetworkActivityIndicatorManager.m */,
				3AB43D51175DED44007A79BC /* AFNetworking.h */,
				3AB43D52175DED44007A79BC /* AFPropertyListRequestOperation.h */,
				3AB43D53175DED44007A79BC /* AFPropertyListRequestOperation.m */,
				3AB43D54175DED44007A79BC /* AFURLConnectionOperation.h */,
				3AB43D55175DED44007A79BC /* AFURLConnectionOperation.m */,
				3AB43D56175DED44007A79BC /* AFXMLRequestOperation.h */,
				3AB43D57175DED44007A79BC /* AFXMLRequestOperation.m */,
				3AB43D58175DED44007A79BC /* UIImageView+AFNetworking.h */,
				3AB43D59175DED44007A79BC /* UIImageView+AFNetworking.m */,
			);
			path = AFNetworking;
			sourceTree = "<group>";
		};
		3AB43D6B175E18D3007A79BC /* KGModal */ = {
			isa = PBXGroup;
			children = (
				3AB43D6C175E18D3007A79BC /* KGModal.h */,
				3AB43D6D175E18D3007A79BC /* KGModal.m */,
			);
			path = KGModal;
			sourceTree = "<group>";
		};
		3AB43D73175E22E4007A79BC /* BlockAlertView */ = {
			isa = PBXGroup;
			children = (
				3AB43D74175E22E4007A79BC /* BlockActionSheet.h */,
				3AB43D75175E22E4007A79BC /* BlockActionSheet.m */,
				3AB43D76175E22E4007A79BC /* BlockAlertView.h */,
				3AB43D77175E22E4007A79BC /* BlockAlertView.m */,
				3AB43D78175E22E4007A79BC /* BlockBackground.h */,
				3AB43D79175E22E4007A79BC /* BlockBackground.m */,
				3AB43D7A175E22E4007A79BC /* BlockTextPromptAlertView.h */,
				3AB43D7B175E22E4007A79BC /* BlockTextPromptAlertView.m */,
				3AB43D7C175E22E4007A79BC /* BlockUI.h */,
			);
			path = BlockAlertView;
			sourceTree = "<group>";
		};
		3AB43D81175E2571007A79BC /* SIAlertView */ = {
			isa = PBXGroup;
			children = (
				3AB43D82175E2572007A79BC /* SIAlertView.bundle */,
				3AB43D83175E2572007A79BC /* SIAlertView.h */,
				3AB43D84175E2572007A79BC /* SIAlertView.m */,
			);
			path = SIAlertView;
			sourceTree = "<group>";
		};
/* End PBXGroup section */

/* Begin PBXNativeTarget section */
		3AB43CA4175DCAE5007A79BC /* salesmonitor */ = {
			isa = PBXNativeTarget;
			buildConfigurationList = 3AB43CC2175DCAE5007A79BC /* Build configuration list for PBXNativeTarget "salesmonitor" */;
			buildPhases = (
				3AB43CA1175DCAE5007A79BC /* Sources */,
				3AB43CA2175DCAE5007A79BC /* Frameworks */,
				3AB43CA3175DCAE5007A79BC /* Resources */,
			);
			buildRules = (
			);
			dependencies = (
			);
			name = salesmonitor;
			productName = salesmonitor;
			productReference = 3AB43CA5175DCAE5007A79BC /* salesmonitor.app */;
			productType = "com.apple.product-type.application";
		};
/* End PBXNativeTarget section */

/* Begin PBXProject section */
		3AB43C9D175DCAE5007A79BC /* Project object */ = {
			isa = PBXProject;
			attributes = {
				LastUpgradeCheck = 0460;
				ORGANIZATIONNAME = GoodCore;
			};
			buildConfigurationList = 3AB43CA0175DCAE5007A79BC /* Build configuration list for PBXProject "salesmonitor" */;
			compatibilityVersion = "Xcode 3.2";
			developmentRegion = English;
			hasScannedForEncodings = 0;
			knownRegions = (
				en,
			);
			mainGroup = 3AB43C9C175DCAE5007A79BC;
			productRefGroup = 3AB43CA6175DCAE5007A79BC /* Products */;
			projectDirPath = "";
			projectRoot = "";
			targets = (
				3AB43CA4175DCAE5007A79BC /* salesmonitor */,
			);
		};
/* End PBXProject section */

/* Begin PBXResourcesBuildPhase section */
		3AB43CA3175DCAE5007A79BC /* Resources */ = {
			isa = PBXResourcesBuildPhase;
			buildActionMask = 2147483647;
			files = (
				3AB43CB3175DCAE5007A79BC /* InfoPlist.strings in Resources */,
				3AB43CBB175DCAE5007A79BC /* Default.png in Resources */,
				3AB43CBD175DCAE5007A79BC /* Default@2x.png in Resources */,
				3AB43CBF175DCAE5007A79BC /* Default-568h@2x.png in Resources */,
				3AB43D08175DCD6E007A79BC /* productViewController_iPhone.xib in Resources */,
				3AB43D0D175DCDB2007A79BC /* productViewController_iPad.xib in Resources */,
				3AB43D15175DD6AA007A79BC /* loginViewController_iPhone.xib in Resources */,
				3AB43D1A175DD6BD007A79BC /* loginViewController_iPad.xib in Resources */,
				3AB43D85175E2572007A79BC /* SIAlertView.bundle in Resources */,
				3A127DF4175F5B9600C7CA96 /* LICENSE in Resources */,
				3A127E04175F69BE00C7CA96 /* icon-list.png in Resources */,
				3A127E05175F69BE00C7CA96 /* icon-list@2x.png in Resources */,
				3A127E06175F69BE00C7CA96 /* icon-map.png in Resources */,
				3A127E07175F69BE00C7CA96 /* icon-map@2x.png in Resources */,
				3A96B44E17605E07000970EC /* ProductReportViewController_iPhone.xib in Resources */,
				3A96B45317605E17000970EC /* ProductReportViewController_iPad.xib in Resources */,
				3A96B46217607396000970EC /* distributor.png in Resources */,
				3A96B46317607396000970EC /* distributor@2x.png in Resources */,
				3A96B466176074F6000970EC /* pin_annotation.png in Resources */,
				3A96B467176074F6000970EC /* pin_annotation@2x.png in Resources */,
				3A94805E1760F0430068A201 /* doctorViewController_iPhone.xib in Resources */,
				3A9900051762208500DBC696 /* background_gradient.png in Resources */,
				3A92F5011765CB39008F2753 /* SVProgressHUD.bundle in Resources */,
				3A92F50517660710008F2753 /* refresh@2x.png in Resources */,
				3A92F50617660710008F2753 /* refresh.png in Resources */,
				3A93A7371766FF5D00ADCB49 /* barChart.xml in Resources */,
				3A9ECA5B176870E700297583 /* icon-doctor.png in Resources */,
				3A9ECA5C176870E700297583 /* icon-doctor@2x.png in Resources */,
				3A9ECA5F176871D700297583 /* icon-report.png in Resources */,
				3A9ECA60176871D700297583 /* icon-report@2x.png in Resources */,
				3A9ECA68176892DF00297583 /* icon_contact.png in Resources */,
				3A9ECA69176892DF00297583 /* icon_mail.png in Resources */,
				3A9ECA6A176892DF00297583 /* icon_sms.png in Resources */,
				3A9ECA711768AE0600297583 /* doctorViewController_iPad.xib in Resources */,
				3A9ECA741768B11600297583 /* icon_back.png in Resources */,
				3A9ECA751768B11600297583 /* icon_back@2x.png in Resources */,
				3A9E8B031769EBC10028D433 /* titlebar-add-btn.png in Resources */,
				3A9E8B041769EBC10028D433 /* titlebar-add-btn@2x.png in Resources */,
				3A9E8B071769F9A50028D433 /* titlebar-back-btn.png in Resources */,
				3A9E8B081769F9A50028D433 /* titlebar-back-btn@2x.png in Resources */,
				3A95BE8E176F2BA500C72D36 /* AdvanceReportViewController_iPhone.xib in Resources */,
				3A95BE93176F2BBB00C72D36 /* AdvanceReportViewController_iPad.xib in Resources */,
				3A95BE96176F37E200C72D36 /* icon-stats.png in Resources */,
				3A95BE97176F37E200C72D36 /* icon-stats@2x.png in Resources */,
				3A99D40117704D7300C4DABE /* logout.png in Resources */,
				3A99D40217704D7300C4DABE /* logout@2x.png in Resources */,
			);
			runOnlyForDeploymentPostprocessing = 0;
		};
/* End PBXResourcesBuildPhase section */

/* Begin PBXSourcesBuildPhase section */
		3AB43CA1175DCAE5007A79BC /* Sources */ = {
			isa = PBXSourcesBuildPhase;
			buildActionMask = 2147483647;
			files = (
				3AB43CB5175DCAE5007A79BC /* main.m in Sources */,
				3AB43CB9175DCAE5007A79BC /* AppDelegate.m in Sources */,
				3AB43D07175DCD6E007A79BC /* productViewController_iPhone.m in Sources */,
				3AB43D14175DD6AA007A79BC /* loginViewController_iPhone.m in Sources */,
				3AB43D19175DD6BD007A79BC /* loginViewController_iPad.m in Sources */,
				3AB43D1D175DE417007A79BC /* loginController.m in Sources */,
				3AB43D45175DED1A007A79BC /* Reachability.m in Sources */,
				3AB43D5A175DED44007A79BC /* AFHTTPClient.m in Sources */,
				3AB43D5B175DED44007A79BC /* AFHTTPRequestOperation.m in Sources */,
				3AB43D5C175DED44007A79BC /* AFImageRequestOperation.m in Sources */,
				3AB43D5D175DED44007A79BC /* AFJSONRequestOperation.m in Sources */,
				3AB43D5E175DED44007A79BC /* AFNetworkActivityIndicatorManager.m in Sources */,
				3AB43D5F175DED44007A79BC /* AFPropertyListRequestOperation.m in Sources */,
				3AB43D60175DED44007A79BC /* AFURLConnectionOperation.m in Sources */,
				3AB43D61175DED44007A79BC /* AFXMLRequestOperation.m in Sources */,
				3AB43D62175DED44007A79BC /* UIImageView+AFNetworking.m in Sources */,
				3AB43D6E175E18D3007A79BC /* KGModal.m in Sources */,
				3AB43D7D175E22E4007A79BC /* BlockActionSheet.m in Sources */,
				3AB43D7E175E22E4007A79BC /* BlockAlertView.m in Sources */,
				3AB43D7F175E22E4007A79BC /* BlockBackground.m in Sources */,
				3AB43D80175E22E4007A79BC /* BlockTextPromptAlertView.m in Sources */,
				3AB43D86175E2572007A79BC /* SIAlertView.m in Sources */,
				3A127DDE175F0F0600C7CA96 /* productController.m in Sources */,
				3A127DF5175F5B9600C7CA96 /* SDImageCache.m in Sources */,
				3A127DF6175F5B9600C7CA96 /* SDWebImageDecoder.m in Sources */,
				3A127DF7175F5B9600C7CA96 /* SDWebImageDownloader.m in Sources */,
				3A127DF8175F5B9600C7CA96 /* SDWebImageManager.m in Sources */,
				3A127DF9175F5B9600C7CA96 /* SDWebImagePrefetcher.m in Sources */,
				3A127DFA175F5B9600C7CA96 /* UIButton+WebCache.m in Sources */,
				3A127DFB175F5B9600C7CA96 /* UIImageView+WebCache.m in Sources */,
				3A96B44D17605E07000970EC /* ProductReportViewController_iPhone.m in Sources */,
				3A96B45217605E17000970EC /* ProductReportViewController_iPad.m in Sources */,
				3A96B4581760638D000970EC /* ZoomedMapView.m in Sources */,
				3A96B45C176068FE000970EC /* CustomAnnotation.m in Sources */,
				3A96B45F1760692A000970EC /* brickController.m in Sources */,
				3A96B4731760AC77000970EC /* AbstractActionSheetPicker.m in Sources */,
				3A96B4741760AC77000970EC /* ActionSheetDatePicker.m in Sources */,
				3A96B4751760AC77000970EC /* ActionSheetDistancePicker.m in Sources */,
				3A96B4761760AC77000970EC /* ActionSheetStringPicker.m in Sources */,
				3A96B4771760AC77000970EC /* DistancePickerView.m in Sources */,
				3A94805D1760F0430068A201 /* doctorViewController_iPhone.m in Sources */,
				3A9900031762056000DBC696 /* brickProductController.m in Sources */,
				3A99000817623C0500DBC696 /* DoctorController.m in Sources */,
				3A92F4FC1765C162008F2753 /* ProductReportController.m in Sources */,
				3A92F5021765CB39008F2753 /* SVProgressHUD.m in Sources */,
				3A93A72D1766FF5D00ADCB49 /* BarChartView.m in Sources */,
				3A93A72E1766FF5D00ADCB49 /* BarLabel.m in Sources */,
				3A93A72F1766FF5D00ADCB49 /* BarView.m in Sources */,
				3A93A7301766FF5D00ADCB49 /* CMPopTipView.m in Sources */,
				3A93A7311766FF5D00ADCB49 /* UIColor+i7HexColor.m in Sources */,
				3A93A7321766FF5D00ADCB49 /* UIViewSizeShortcuts.m in Sources */,
				3A93A7331766FF5D00ADCB49 /* XMLElement.m in Sources */,
				3A93A7341766FF5D00ADCB49 /* XMLParser.m in Sources */,
				3A93A7351766FF5D00ADCB49 /* XMLParserDelegate.m in Sources */,
				3A93A7361766FF5D00ADCB49 /* PlotChartView.m in Sources */,
				3A93A7381766FF5D00ADCB49 /* GDataXMLNode.m in Sources */,
				3A93A74217671DDA00ADCB49 /* ChartData.m in Sources */,
				3A9ECA6417688C3900297583 /* Custombutton.m in Sources */,
				3A9ECA701768AE0600297583 /* doctorViewController_iPad.m in Sources */,
				3A95BE8D176F2BA500C72D36 /* AdvanceReportViewController_iPhone.m in Sources */,
			);
			runOnlyForDeploymentPostprocessing = 0;
		};
/* End PBXSourcesBuildPhase section */

/* Begin PBXVariantGroup section */
		3AB43CB1175DCAE5007A79BC /* InfoPlist.strings */ = {
			isa = PBXVariantGroup;
			children = (
				3AB43CB2175DCAE5007A79BC /* en */,
			);
			name = InfoPlist.strings;
			sourceTree = "<group>";
		};
/* End PBXVariantGroup section */

/* Begin XCBuildConfiguration section */
		3AB43CC0175DCAE5007A79BC /* Debug */ = {
			isa = XCBuildConfiguration;
			buildSettings = {
				ALWAYS_SEARCH_USER_PATHS = NO;
				CLANG_CXX_LANGUAGE_STANDARD = "gnu++0x";
				CLANG_CXX_LIBRARY = "libc++";
				CLANG_ENABLE_OBJC_ARC = YES;
				CLANG_WARN_CONSTANT_CONVERSION = YES;
				CLANG_WARN_EMPTY_BODY = YES;
				CLANG_WARN_ENUM_CONVERSION = YES;
				CLANG_WARN_INT_CONVERSION = YES;
				CLANG_WARN__DUPLICATE_METHOD_MATCH = YES;
				"CODE_SIGN_IDENTITY[sdk=iphoneos*]" = "iPhone Developer";
				COPY_PHASE_STRIP = NO;
				GCC_C_LANGUAGE_STANDARD = gnu99;
				GCC_DYNAMIC_NO_PIC = NO;
				GCC_OPTIMIZATION_LEVEL = 0;
				GCC_PREPROCESSOR_DEFINITIONS = (
					"DEBUG=1",
					"$(inherited)",
				);
				GCC_SYMBOLS_PRIVATE_EXTERN = NO;
				GCC_WARN_ABOUT_RETURN_TYPE = YES;
				GCC_WARN_UNINITIALIZED_AUTOS = YES;
				GCC_WARN_UNUSED_VARIABLE = YES;
				IPHONEOS_DEPLOYMENT_TARGET = 6.1;
				ONLY_ACTIVE_ARCH = YES;
				SDKROOT = iphoneos;
				TARGETED_DEVICE_FAMILY = "1,2";
			};
			name = Debug;
		};
		3AB43CC1175DCAE5007A79BC /* Release */ = {
			isa = XCBuildConfiguration;
			buildSettings = {
				ALWAYS_SEARCH_USER_PATHS = NO;
				CLANG_CXX_LANGUAGE_STANDARD = "gnu++0x";
				CLANG_CXX_LIBRARY = "libc++";
				CLANG_ENABLE_OBJC_ARC = YES;
				CLANG_WARN_CONSTANT_CONVERSION = YES;
				CLANG_WARN_EMPTY_BODY = YES;
				CLANG_WARN_ENUM_CONVERSION = YES;
				CLANG_WARN_INT_CONVERSION = YES;
				CLANG_WARN__DUPLICATE_METHOD_MATCH = YES;
				"CODE_SIGN_IDENTITY[sdk=iphoneos*]" = "iPhone Developer";
				COPY_PHASE_STRIP = YES;
				GCC_C_LANGUAGE_STANDARD = gnu99;
				GCC_WARN_ABOUT_RETURN_TYPE = YES;
				GCC_WARN_UNINITIALIZED_AUTOS = YES;
				GCC_WARN_UNUSED_VARIABLE = YES;
				IPHONEOS_DEPLOYMENT_TARGET = 6.1;
				OTHER_CFLAGS = "-DNS_BLOCK_ASSERTIONS=1";
				SDKROOT = iphoneos;
				TARGETED_DEVICE_FAMILY = "1,2";
				VALIDATE_PRODUCT = YES;
			};
			name = Release;
		};
		3AB43CC3175DCAE5007A79BC /* Debug */ = {
			isa = XCBuildConfiguration;
			buildSettings = {
				ARCHS = "$(ARCHS_STANDARD_32_BIT)";
				GCC_PRECOMPILE_PREFIX_HEADER = YES;
				GCC_PREFIX_HEADER = "salesmonitor/salesmonitor-Prefix.pch";
				HEADER_SEARCH_PATHS = "$(SDKROOT)/usr/include/libxml2";
				INFOPLIST_FILE = "salesmonitor/salesmonitor-Info.plist";
				IPHONEOS_DEPLOYMENT_TARGET = 6.1;
				ONLY_ACTIVE_ARCH = YES;
				OTHER_LDFLAGS = "-ObjC";
				PRODUCT_NAME = "$(TARGET_NAME)";
				WRAPPER_EXTENSION = app;
			};
			name = Debug;
		};
		3AB43CC4175DCAE5007A79BC /* Release */ = {
			isa = XCBuildConfiguration;
			buildSettings = {
				ARCHS = "$(ARCHS_STANDARD_32_BIT)";
				GCC_PRECOMPILE_PREFIX_HEADER = YES;
				GCC_PREFIX_HEADER = "salesmonitor/salesmonitor-Prefix.pch";
				HEADER_SEARCH_PATHS = "$(SDKROOT)/usr/include/libxml2";
				INFOPLIST_FILE = "salesmonitor/salesmonitor-Info.plist";
				IPHONEOS_DEPLOYMENT_TARGET = 6.1;
				ONLY_ACTIVE_ARCH = YES;
				OTHER_LDFLAGS = "-ObjC";
				PRODUCT_NAME = "$(TARGET_NAME)";
				WRAPPER_EXTENSION = app;
			};
			name = Release;
		};
/* End XCBuildConfiguration section */

/* Begin XCConfigurationList section */
		3AB43CA0175DCAE5007A79BC /* Build configuration list for PBXProject "salesmonitor" */ = {
			isa = XCConfigurationList;
			buildConfigurations = (
				3AB43CC0175DCAE5007A79BC /* Debug */,
				3AB43CC1175DCAE5007A79BC /* Release */,
			);
			defaultConfigurationIsVisible = 0;
			defaultConfigurationName = Release;
		};
		3AB43CC2175DCAE5007A79BC /* Build configuration list for PBXNativeTarget "salesmonitor" */ = {
			isa = XCConfigurationList;
			buildConfigurations = (
				3AB43CC3175DCAE5007A79BC /* Debug */,
				3AB43CC4175DCAE5007A79BC /* Release */,
			);
			defaultConfigurationIsVisible = 0;
			defaultConfigurationName = Release;
		};
/* End XCConfigurationList section */
	};
	rootObject = 3AB43C9D175DCAE5007A79BC /* Project object */;
}
